// !$*UTF8*$!
{
	archiveVersion = 1;
	classes = {
	};
	objectVersion = 46;
	objects = {

/* Begin PBXBuildFile section */
		1AC6FB1F180E996B004C840B /* libbox2d Mac.a in Frameworks */ = {isa = PBXBuildFile; fileRef = 1AC6FAFF180E9839004C840B /* libbox2d Mac.a */; };
		1AC6FB20180E996B004C840B /* libchipmunk Mac.a in Frameworks */ = {isa = PBXBuildFile; fileRef = 1AC6FAFD180E9839004C840B /* libchipmunk Mac.a */; };
		1AC6FB21180E996B004C840B /* libcocos2dx Mac.a in Frameworks */ = {isa = PBXBuildFile; fileRef = 1AC6FAF9180E9839004C840B /* libcocos2dx Mac.a */; };
		1AC6FB22180E996B004C840B /* libcocos2dx-extensions Mac.a in Frameworks */ = {isa = PBXBuildFile; fileRef = 1AC6FAFB180E9839004C840B /* libcocos2dx-extensions Mac.a */; };
		1AC6FB23180E996B004C840B /* libCocosDenshion Mac.a in Frameworks */ = {isa = PBXBuildFile; fileRef = 1AC6FB01180E9839004C840B /* libCocosDenshion Mac.a */; };
		1AC6FB2E180E99EB004C840B /* libbox2d iOS.a in Frameworks */ = {isa = PBXBuildFile; fileRef = 1AC6FB0D180E9839004C840B /* libbox2d iOS.a */; };
		1AC6FB2F180E99EB004C840B /* libchipmunk iOS.a in Frameworks */ = {isa = PBXBuildFile; fileRef = 1AC6FB0B180E9839004C840B /* libchipmunk iOS.a */; };
		1AC6FB30180E99EB004C840B /* libcocos2dx iOS.a in Frameworks */ = {isa = PBXBuildFile; fileRef = 1AC6FB07180E9839004C840B /* libcocos2dx iOS.a */; };
		1AC6FB31180E99EB004C840B /* libcocos2dx-extensions iOS.a in Frameworks */ = {isa = PBXBuildFile; fileRef = 1AC6FB09180E9839004C840B /* libcocos2dx-extensions iOS.a */; };
		1AC6FB32180E99EB004C840B /* libCocosDenshion iOS.a in Frameworks */ = {isa = PBXBuildFile; fileRef = 1AC6FB0F180E9839004C840B /* libCocosDenshion iOS.a */; };
		1AFAF8B716D35DE700DB1158 /* AppDelegate.cpp in Sources */ = {isa = PBXBuildFile; fileRef = 1AFAF8B316D35DE700DB1158 /* AppDelegate.cpp */; };
		1AFAF8B816D35DE700DB1158 /* HelloWorldScene.cpp in Sources */ = {isa = PBXBuildFile; fileRef = 1AFAF8B516D35DE700DB1158 /* HelloWorldScene.cpp */; };
		1AFAF8BC16D35E4900DB1158 /* CloseNormal.png in Resources */ = {isa = PBXBuildFile; fileRef = 1AFAF8B916D35E4900DB1158 /* CloseNormal.png */; };
		1AFAF8BD16D35E4900DB1158 /* CloseSelected.png in Resources */ = {isa = PBXBuildFile; fileRef = 1AFAF8BA16D35E4900DB1158 /* CloseSelected.png */; };
		1AFAF8BE16D35E4900DB1158 /* HelloWorld.png in Resources */ = {isa = PBXBuildFile; fileRef = 1AFAF8BB16D35E4900DB1158 /* HelloWorld.png */; };
		1D60589F0D05DD5A006BFB54 /* Foundation.framework in Frameworks */ = {isa = PBXBuildFile; fileRef = 1D30AB110D05D00D00671497 /* Foundation.framework */; };
		1DF5F4E00D08C38300B7A737 /* UIKit.framework in Frameworks */ = {isa = PBXBuildFile; fileRef = 1DF5F4DF0D08C38300B7A737 /* UIKit.framework */; };
		288765A50DF7441C002DB57D /* CoreGraphics.framework in Frameworks */ = {isa = PBXBuildFile; fileRef = 288765A40DF7441C002DB57D /* CoreGraphics.framework */; };
		503AE0F817EB97AB00D1A890 /* Icon.icns in Resources */ = {isa = PBXBuildFile; fileRef = 503AE0F617EB97AB00D1A890 /* Icon.icns */; };
		503AE10017EB989F00D1A890 /* AppController.mm in Sources */ = {isa = PBXBuildFile; fileRef = 503AE0FB17EB989F00D1A890 /* AppController.mm */; };
		503AE10117EB989F00D1A890 /* main.m in Sources */ = {isa = PBXBuildFile; fileRef = 503AE0FC17EB989F00D1A890 /* main.m */; };
		503AE10217EB989F00D1A890 /* RootViewController.mm in Sources */ = {isa = PBXBuildFile; fileRef = 503AE0FF17EB989F00D1A890 /* RootViewController.mm */; };
		503AE10517EB98FF00D1A890 /* main.cpp in Sources */ = {isa = PBXBuildFile; fileRef = 503AE10317EB98FF00D1A890 /* main.cpp */; };
		503AE11217EB99EE00D1A890 /* libcurl.dylib in Frameworks */ = {isa = PBXBuildFile; fileRef = 503AE11117EB99EE00D1A890 /* libcurl.dylib */; };
		503AE11B17EB9C5A00D1A890 /* IOKit.framework in Frameworks */ = {isa = PBXBuildFile; fileRef = 503AE11A17EB9C5A00D1A890 /* IOKit.framework */; };
		5087E75317EB910900C73F5D /* CloseNormal.png in Resources */ = {isa = PBXBuildFile; fileRef = 1AFAF8B916D35E4900DB1158 /* CloseNormal.png */; };
		5087E75417EB910900C73F5D /* CloseSelected.png in Resources */ = {isa = PBXBuildFile; fileRef = 1AFAF8BA16D35E4900DB1158 /* CloseSelected.png */; };
		5087E75517EB910900C73F5D /* HelloWorld.png in Resources */ = {isa = PBXBuildFile; fileRef = 1AFAF8BB16D35E4900DB1158 /* HelloWorld.png */; };
		5087E75717EB910900C73F5D /* AppDelegate.cpp in Sources */ = {isa = PBXBuildFile; fileRef = 1AFAF8B316D35DE700DB1158 /* AppDelegate.cpp */; };
		5087E75817EB910900C73F5D /* HelloWorldScene.cpp in Sources */ = {isa = PBXBuildFile; fileRef = 1AFAF8B516D35DE700DB1158 /* HelloWorldScene.cpp */; };
		5087E76317EB910900C73F5D /* Foundation.framework in Frameworks */ = {isa = PBXBuildFile; fileRef = 1D30AB110D05D00D00671497 /* Foundation.framework */; };
		5087E76517EB910900C73F5D /* CoreGraphics.framework in Frameworks */ = {isa = PBXBuildFile; fileRef = 288765A40DF7441C002DB57D /* CoreGraphics.framework */; };
		5087E76717EB910900C73F5D /* libz.dylib in Frameworks */ = {isa = PBXBuildFile; fileRef = BF170DB412928DE900B8313A /* libz.dylib */; };
		5087E76817EB910900C73F5D /* QuartzCore.framework in Frameworks */ = {isa = PBXBuildFile; fileRef = BF1C47EA1293683800B63C5D /* QuartzCore.framework */; };
		5087E76917EB910900C73F5D /* OpenAL.framework in Frameworks */ = {isa = PBXBuildFile; fileRef = D44C620B132DFF330009C878 /* OpenAL.framework */; };
		5087E76A17EB910900C73F5D /* AVFoundation.framework in Frameworks */ = {isa = PBXBuildFile; fileRef = D44C620D132DFF430009C878 /* AVFoundation.framework */; };
		5087E76B17EB910900C73F5D /* AudioToolbox.framework in Frameworks */ = {isa = PBXBuildFile; fileRef = D44C620F132DFF4E0009C878 /* AudioToolbox.framework */; };
		5087E77D17EB970100C73F5D /* Default-568h@2x.png in Resources */ = {isa = PBXBuildFile; fileRef = 5087E77217EB970100C73F5D /* Default-568h@2x.png */; };
		5087E77E17EB970100C73F5D /* Default.png in Resources */ = {isa = PBXBuildFile; fileRef = 5087E77317EB970100C73F5D /* Default.png */; };
		5087E77F17EB970100C73F5D /* Default@2x.png in Resources */ = {isa = PBXBuildFile; fileRef = 5087E77417EB970100C73F5D /* Default@2x.png */; };
		5087E78017EB970100C73F5D /* Icon-114.png in Resources */ = {isa = PBXBuildFile; fileRef = 5087E77517EB970100C73F5D /* Icon-114.png */; };
		5087E78117EB970100C73F5D /* Icon-120.png in Resources */ = {isa = PBXBuildFile; fileRef = 5087E77617EB970100C73F5D /* Icon-120.png */; };
		5087E78217EB970100C73F5D /* Icon-144.png in Resources */ = {isa = PBXBuildFile; fileRef = 5087E77717EB970100C73F5D /* Icon-144.png */; };
		5087E78317EB970100C73F5D /* Icon-152.png in Resources */ = {isa = PBXBuildFile; fileRef = 5087E77817EB970100C73F5D /* Icon-152.png */; };
		5087E78417EB970100C73F5D /* Icon-57.png in Resources */ = {isa = PBXBuildFile; fileRef = 5087E77917EB970100C73F5D /* Icon-57.png */; };
		5087E78517EB970100C73F5D /* Icon-72.png in Resources */ = {isa = PBXBuildFile; fileRef = 5087E77A17EB970100C73F5D /* Icon-72.png */; };
		5087E78617EB970100C73F5D /* Icon-76.png in Resources */ = {isa = PBXBuildFile; fileRef = 5087E77B17EB970100C73F5D /* Icon-76.png */; };
		5087E78917EB974C00C73F5D /* AppKit.framework in Frameworks */ = {isa = PBXBuildFile; fileRef = 5087E78817EB974C00C73F5D /* AppKit.framework */; };
		5087E78B17EB975400C73F5D /* OpenGL.framework in Frameworks */ = {isa = PBXBuildFile; fileRef = 5087E78A17EB975400C73F5D /* OpenGL.framework */; };
		50EF629617ECD46A001EB2F8 /* Icon-40.png in Resources */ = {isa = PBXBuildFile; fileRef = 50EF629217ECD46A001EB2F8 /* Icon-40.png */; };
		50EF629717ECD46A001EB2F8 /* Icon-58.png in Resources */ = {isa = PBXBuildFile; fileRef = 50EF629317ECD46A001EB2F8 /* Icon-58.png */; };
		50EF629817ECD46A001EB2F8 /* Icon-80.png in Resources */ = {isa = PBXBuildFile; fileRef = 50EF629417ECD46A001EB2F8 /* Icon-80.png */; };
		50EF629917ECD46A001EB2F8 /* Icon-100.png in Resources */ = {isa = PBXBuildFile; fileRef = 50EF629517ECD46A001EB2F8 /* Icon-100.png */; };
		50EF62A217ECD613001EB2F8 /* Icon-29.png in Resources */ = {isa = PBXBuildFile; fileRef = 50EF62A017ECD613001EB2F8 /* Icon-29.png */; };
		50EF62A317ECD613001EB2F8 /* Icon-50.png in Resources */ = {isa = PBXBuildFile; fileRef = 50EF62A117ECD613001EB2F8 /* Icon-50.png */; };
		893313F118FAB14200EA877C /* PointQueryScene.cpp in Sources */ = {isa = PBXBuildFile; fileRef = 893313EF18FAB14200EA877C /* PointQueryScene.cpp */; };
		893313F218FAB14200EA877C /* PointQueryScene.cpp in Sources */ = {isa = PBXBuildFile; fileRef = 893313EF18FAB14200EA877C /* PointQueryScene.cpp */; };
		8947CA0318F2A0B30007847E /* ColorMatchScene.cpp in Sources */ = {isa = PBXBuildFile; fileRef = 8947CA0118F2A0B30007847E /* ColorMatchScene.cpp */; };
		8947CA0418F2A0B30007847E /* ColorMatchScene.cpp in Sources */ = {isa = PBXBuildFile; fileRef = 8947CA0118F2A0B30007847E /* ColorMatchScene.cpp */; };
		8947CA1118F2A2020007847E /* ball_0.png in Resources */ = {isa = PBXBuildFile; fileRef = 8947CA0618F2A2020007847E /* ball_0.png */; };
		8947CA1218F2A2020007847E /* ball_0.png in Resources */ = {isa = PBXBuildFile; fileRef = 8947CA0618F2A2020007847E /* ball_0.png */; };
		8947CA1318F2A2020007847E /* ball_1.png in Resources */ = {isa = PBXBuildFile; fileRef = 8947CA0718F2A2020007847E /* ball_1.png */; };
		8947CA1418F2A2020007847E /* ball_1.png in Resources */ = {isa = PBXBuildFile; fileRef = 8947CA0718F2A2020007847E /* ball_1.png */; };
		8947CA1518F2A2020007847E /* ball_2.png in Resources */ = {isa = PBXBuildFile; fileRef = 8947CA0818F2A2020007847E /* ball_2.png */; };
		8947CA1618F2A2020007847E /* ball_2.png in Resources */ = {isa = PBXBuildFile; fileRef = 8947CA0818F2A2020007847E /* ball_2.png */; };
		8947CA1718F2A2020007847E /* ball_3.png in Resources */ = {isa = PBXBuildFile; fileRef = 8947CA0918F2A2020007847E /* ball_3.png */; };
		8947CA1818F2A2020007847E /* ball_3.png in Resources */ = {isa = PBXBuildFile; fileRef = 8947CA0918F2A2020007847E /* ball_3.png */; };
		8947CA1918F2A2020007847E /* ball_4.png in Resources */ = {isa = PBXBuildFile; fileRef = 8947CA0A18F2A2020007847E /* ball_4.png */; };
		8947CA1A18F2A2020007847E /* ball_4.png in Resources */ = {isa = PBXBuildFile; fileRef = 8947CA0A18F2A2020007847E /* ball_4.png */; };
		8947CA1B18F2A2020007847E /* ball_5.png in Resources */ = {isa = PBXBuildFile; fileRef = 8947CA0B18F2A2020007847E /* ball_5.png */; };
		8947CA1C18F2A2020007847E /* ball_5.png in Resources */ = {isa = PBXBuildFile; fileRef = 8947CA0B18F2A2020007847E /* ball_5.png */; };
		8947CA1D18F2A2020007847E /* bg.png in Resources */ = {isa = PBXBuildFile; fileRef = 8947CA0C18F2A2020007847E /* bg.png */; };
		8947CA1E18F2A2020007847E /* bg.png in Resources */ = {isa = PBXBuildFile; fileRef = 8947CA0C18F2A2020007847E /* bg.png */; };
		8947CA1F18F2A2020007847E /* ploop.wav in Resources */ = {isa = PBXBuildFile; fileRef = 8947CA0D18F2A2020007847E /* ploop.wav */; };
		8947CA2018F2A2020007847E /* ploop.wav in Resources */ = {isa = PBXBuildFile; fileRef = 8947CA0D18F2A2020007847E /* ploop.wav */; };
		8947CA2118F2A2020007847E /* pop.plist in Resources */ = {isa = PBXBuildFile; fileRef = 8947CA0E18F2A2020007847E /* pop.plist */; };
		8947CA2218F2A2020007847E /* pop.plist in Resources */ = {isa = PBXBuildFile; fileRef = 8947CA0E18F2A2020007847E /* pop.plist */; };
		8947CA2318F2A2020007847E /* pop.wav in Resources */ = {isa = PBXBuildFile; fileRef = 8947CA0F18F2A2020007847E /* pop.wav */; };
		8947CA2418F2A2020007847E /* pop.wav in Resources */ = {isa = PBXBuildFile; fileRef = 8947CA0F18F2A2020007847E /* pop.wav */; };
		8947CA2518F2A2020007847E /* thump.wav in Resources */ = {isa = PBXBuildFile; fileRef = 8947CA1018F2A2020007847E /* thump.wav */; };
		8947CA2618F2A2020007847E /* thump.wav in Resources */ = {isa = PBXBuildFile; fileRef = 8947CA1018F2A2020007847E /* thump.wav */; };
		8947CA2918F2BE320007847E /* Ball.cpp in Sources */ = {isa = PBXBuildFile; fileRef = 8947CA2718F2BE320007847E /* Ball.cpp */; };
		8947CA2A18F2BE320007847E /* Ball.cpp in Sources */ = {isa = PBXBuildFile; fileRef = 8947CA2718F2BE320007847E /* Ball.cpp */; };
		8947CA5618F819A10007847E /* blocks.png in Resources */ = {isa = PBXBuildFile; fileRef = 8947CA5418F819A10007847E /* blocks.png */; };
		8947CA5718F819A10007847E /* blocks.png in Resources */ = {isa = PBXBuildFile; fileRef = 8947CA5418F819A10007847E /* blocks.png */; };
		8947CA5818F819A10007847E /* scroller.tmx in Resources */ = {isa = PBXBuildFile; fileRef = 8947CA5518F819A10007847E /* scroller.tmx */; };
		8947CA5918F819A10007847E /* scroller.tmx in Resources */ = {isa = PBXBuildFile; fileRef = 8947CA5518F819A10007847E /* scroller.tmx */; };
		8947CA6418F819E80007847E /* SimplePlatformerScene.cpp in Sources */ = {isa = PBXBuildFile; fileRef = 8947CA5E18F819E80007847E /* SimplePlatformerScene.cpp */; };
		8947CA6518F819E80007847E /* SimplePlatformerScene.cpp in Sources */ = {isa = PBXBuildFile; fileRef = 8947CA5E18F819E80007847E /* SimplePlatformerScene.cpp */; };
		8947CA6618F819E80007847E /* Player.cpp in Sources */ = {isa = PBXBuildFile; fileRef = 8947CA6018F819E80007847E /* Player.cpp */; };
		8947CA6718F819E80007847E /* Player.cpp in Sources */ = {isa = PBXBuildFile; fileRef = 8947CA6018F819E80007847E /* Player.cpp */; };
		89BC216718FCF39D00C0ED51 /* HitMeScene.cpp in Sources */ = {isa = PBXBuildFile; fileRef = 89BC216518FCF39D00C0ED51 /* HitMeScene.cpp */; };
		89BC216818FCF39D00C0ED51 /* HitMeScene.cpp in Sources */ = {isa = PBXBuildFile; fileRef = 89BC216518FCF39D00C0ED51 /* HitMeScene.cpp */; };
		89BC216B18FCF52000C0ED51 /* hit_me.png in Resources */ = {isa = PBXBuildFile; fileRef = 89BC216A18FCF52000C0ED51 /* hit_me.png */; };
		89BC216C18FCF52000C0ED51 /* hit_me.png in Resources */ = {isa = PBXBuildFile; fileRef = 89BC216A18FCF52000C0ED51 /* hit_me.png */; };
		89BC21AB18FEC18A00C0ED51 /* PRFilledPolygon.cpp in Sources */ = {isa = PBXBuildFile; fileRef = 89BC21A518FEC18A00C0ED51 /* PRFilledPolygon.cpp */; };
		89BC21AC18FEC18A00C0ED51 /* PRFilledPolygon.cpp in Sources */ = {isa = PBXBuildFile; fileRef = 89BC21A518FEC18A00C0ED51 /* PRFilledPolygon.cpp */; };
		89BC21AD18FEC18A00C0ED51 /* PRRatcliffTriangulator.cpp in Sources */ = {isa = PBXBuildFile; fileRef = 89BC21A718FEC18A00C0ED51 /* PRRatcliffTriangulator.cpp */; };
		89BC21AE18FEC18A00C0ED51 /* PRRatcliffTriangulator.cpp in Sources */ = {isa = PBXBuildFile; fileRef = 89BC21A718FEC18A00C0ED51 /* PRRatcliffTriangulator.cpp */; };
		89BC21AF18FEC18A00C0ED51 /* triangulate.cpp in Sources */ = {isa = PBXBuildFile; fileRef = 89BC21A918FEC18A00C0ED51 /* triangulate.cpp */; };
		89BC21B018FEC18A00C0ED51 /* triangulate.cpp in Sources */ = {isa = PBXBuildFile; fileRef = 89BC21A918FEC18A00C0ED51 /* triangulate.cpp */; };
		89BC21B418FED47800C0ED51 /* pattern1.png in Resources */ = {isa = PBXBuildFile; fileRef = 89BC21B318FED47800C0ED51 /* pattern1.png */; };
		89BC21B518FED47800C0ED51 /* pattern1.png in Resources */ = {isa = PBXBuildFile; fileRef = 89BC21B318FED47800C0ED51 /* pattern1.png */; };
		89BC21BA18FED80B00C0ED51 /* PRKitDemoScene.cpp in Sources */ = {isa = PBXBuildFile; fileRef = 89BC21B818FED80B00C0ED51 /* PRKitDemoScene.cpp */; };
		89BC21BB18FED80B00C0ED51 /* PRKitDemoScene.cpp in Sources */ = {isa = PBXBuildFile; fileRef = 89BC21B818FED80B00C0ED51 /* PRKitDemoScene.cpp */; };
		89CC24EF18EE9ECA00EDEFB8 /* BaseDemo.cpp in Sources */ = {isa = PBXBuildFile; fileRef = 89CC24E918EE9ECA00EDEFB8 /* BaseDemo.cpp */; };
		89CC24F018EE9ECA00EDEFB8 /* BaseDemo.cpp in Sources */ = {isa = PBXBuildFile; fileRef = 89CC24E918EE9ECA00EDEFB8 /* BaseDemo.cpp */; };
		89CC24F118EE9ECA00EDEFB8 /* ContactFilterScene.cpp in Sources */ = {isa = PBXBuildFile; fileRef = 89CC24EB18EE9ECA00EDEFB8 /* ContactFilterScene.cpp */; };
		89CC24F218EE9ECA00EDEFB8 /* ContactFilterScene.cpp in Sources */ = {isa = PBXBuildFile; fileRef = 89CC24EB18EE9ECA00EDEFB8 /* ContactFilterScene.cpp */; };
		89CC24F318EE9ECA00EDEFB8 /* ContentLayer.cpp in Sources */ = {isa = PBXBuildFile; fileRef = 89CC24ED18EE9ECA00EDEFB8 /* ContentLayer.cpp */; };
		89CC24F418EE9ECA00EDEFB8 /* ContentLayer.cpp in Sources */ = {isa = PBXBuildFile; fileRef = 89CC24ED18EE9ECA00EDEFB8 /* ContentLayer.cpp */; };
		89CC250218EE9ED200EDEFB8 /* IntroScene.cpp in Sources */ = {isa = PBXBuildFile; fileRef = 89CC24F718EE9ED200EDEFB8 /* IntroScene.cpp */; };
		89CC250318EE9ED200EDEFB8 /* IntroScene.cpp in Sources */ = {isa = PBXBuildFile; fileRef = 89CC24F718EE9ED200EDEFB8 /* IntroScene.cpp */; };
		89CC250418EE9ED200EDEFB8 /* PinJointScene.cpp in Sources */ = {isa = PBXBuildFile; fileRef = 89CC24FA18EE9ED200EDEFB8 /* PinJointScene.cpp */; };
		89CC250518EE9ED200EDEFB8 /* PinJointScene.cpp in Sources */ = {isa = PBXBuildFile; fileRef = 89CC24FA18EE9ED200EDEFB8 /* PinJointScene.cpp */; };
		89CC250618EE9ED200EDEFB8 /* SlideJointScene.cpp in Sources */ = {isa = PBXBuildFile; fileRef = 89CC24FC18EE9ED200EDEFB8 /* SlideJointScene.cpp */; };
		89CC250718EE9ED200EDEFB8 /* SlideJointScene.cpp in Sources */ = {isa = PBXBuildFile; fileRef = 89CC24FC18EE9ED200EDEFB8 /* SlideJointScene.cpp */; };
		89CC250818EE9ED200EDEFB8 /* RollingBall.cpp in Sources */ = {isa = PBXBuildFile; fileRef = 89CC24FE18EE9ED200EDEFB8 /* RollingBall.cpp */; };
		89CC250918EE9ED200EDEFB8 /* RollingBall.cpp in Sources */ = {isa = PBXBuildFile; fileRef = 89CC24FE18EE9ED200EDEFB8 /* RollingBall.cpp */; };
		89CC250A18EE9ED200EDEFB8 /* VisibleRect.cpp in Sources */ = {isa = PBXBuildFile; fileRef = 89CC250018EE9ED200EDEFB8 /* VisibleRect.cpp */; };
		89CC250B18EE9ED200EDEFB8 /* VisibleRect.cpp in Sources */ = {isa = PBXBuildFile; fileRef = 89CC250018EE9ED200EDEFB8 /* VisibleRect.cpp */; };
		89CC251918EE9EDE00EDEFB8 /* egg.png in Resources */ = {isa = PBXBuildFile; fileRef = 89CC250C18EE9EDE00EDEFB8 /* egg.png */; };
		89CC251A18EE9EDE00EDEFB8 /* egg.png in Resources */ = {isa = PBXBuildFile; fileRef = 89CC250C18EE9EDE00EDEFB8 /* egg.png */; };
		89CC251B18EE9EDE00EDEFB8 /* Marker Felt.ttf in Resources */ = {isa = PBXBuildFile; fileRef = 89CC250E18EE9EDE00EDEFB8 /* Marker Felt.ttf */; };
		89CC251C18EE9EDE00EDEFB8 /* Marker Felt.ttf in Resources */ = {isa = PBXBuildFile; fileRef = 89CC250E18EE9EDE00EDEFB8 /* Marker Felt.ttf */; };
		89CC251D18EE9EDE00EDEFB8 /* goNormal.png in Resources */ = {isa = PBXBuildFile; fileRef = 89CC250F18EE9EDE00EDEFB8 /* goNormal.png */; };
		89CC251E18EE9EDE00EDEFB8 /* goNormal.png in Resources */ = {isa = PBXBuildFile; fileRef = 89CC250F18EE9EDE00EDEFB8 /* goNormal.png */; };
		89CC251F18EE9EDE00EDEFB8 /* goSelected.png in Resources */ = {isa = PBXBuildFile; fileRef = 89CC251018EE9EDE00EDEFB8 /* goSelected.png */; };
		89CC252018EE9EDE00EDEFB8 /* goSelected.png in Resources */ = {isa = PBXBuildFile; fileRef = 89CC251018EE9EDE00EDEFB8 /* goSelected.png */; };
		89CC252118EE9EDE00EDEFB8 /* refreshNormal.png in Resources */ = {isa = PBXBuildFile; fileRef = 89CC251118EE9EDE00EDEFB8 /* refreshNormal.png */; };
		89CC252218EE9EDE00EDEFB8 /* refreshNormal.png in Resources */ = {isa = PBXBuildFile; fileRef = 89CC251118EE9EDE00EDEFB8 /* refreshNormal.png */; };
		89CC252318EE9EDE00EDEFB8 /* refreshSelected.png in Resources */ = {isa = PBXBuildFile; fileRef = 89CC251218EE9EDE00EDEFB8 /* refreshSelected.png */; };
		89CC252418EE9EDE00EDEFB8 /* refreshSelected.png in Resources */ = {isa = PBXBuildFile; fileRef = 89CC251218EE9EDE00EDEFB8 /* refreshSelected.png */; };
		89CC252518EE9EDE00EDEFB8 /* scrollItemBgNormal.png in Resources */ = {isa = PBXBuildFile; fileRef = 89CC251318EE9EDE00EDEFB8 /* scrollItemBgNormal.png */; };
		89CC252618EE9EDE00EDEFB8 /* scrollItemBgNormal.png in Resources */ = {isa = PBXBuildFile; fileRef = 89CC251318EE9EDE00EDEFB8 /* scrollItemBgNormal.png */; };
		89CC252718EE9EDE00EDEFB8 /* scrollItemBgSelected.png in Resources */ = {isa = PBXBuildFile; fileRef = 89CC251418EE9EDE00EDEFB8 /* scrollItemBgSelected.png */; };
		89CC252818EE9EDE00EDEFB8 /* scrollItemBgSelected.png in Resources */ = {isa = PBXBuildFile; fileRef = 89CC251418EE9EDE00EDEFB8 /* scrollItemBgSelected.png */; };
		89CC252918EE9EDE00EDEFB8 /* steroidtocat.png in Resources */ = {isa = PBXBuildFile; fileRef = 89CC251518EE9EDE00EDEFB8 /* steroidtocat.png */; };
		89CC252A18EE9EDE00EDEFB8 /* steroidtocat.png in Resources */ = {isa = PBXBuildFile; fileRef = 89CC251518EE9EDE00EDEFB8 /* steroidtocat.png */; };
		89CC252B18EE9EDE00EDEFB8 /* tabletop-battles.mp3 in Resources */ = {isa = PBXBuildFile; fileRef = 89CC251618EE9EDE00EDEFB8 /* tabletop-battles.mp3 */; };
		89CC252C18EE9EDE00EDEFB8 /* tabletop-battles.mp3 in Resources */ = {isa = PBXBuildFile; fileRef = 89CC251618EE9EDE00EDEFB8 /* tabletop-battles.mp3 */; };
		89CC252D18EE9EDE00EDEFB8 /* YellowSquare.png in Resources */ = {isa = PBXBuildFile; fileRef = 89CC251718EE9EDE00EDEFB8 /* YellowSquare.png */; };
		89CC252E18EE9EDE00EDEFB8 /* YellowSquare.png in Resources */ = {isa = PBXBuildFile; fileRef = 89CC251718EE9EDE00EDEFB8 /* YellowSquare.png */; };
		89CC252F18EE9EDE00EDEFB8 /* YellowTriangle.png in Resources */ = {isa = PBXBuildFile; fileRef = 89CC251818EE9EDE00EDEFB8 /* YellowTriangle.png */; };
		89CC253018EE9EDE00EDEFB8 /* YellowTriangle.png in Resources */ = {isa = PBXBuildFile; fileRef = 89CC251818EE9EDE00EDEFB8 /* YellowTriangle.png */; };
		89CC253B18EE9EE700EDEFB8 /* backNormal.png in Resources */ = {isa = PBXBuildFile; fileRef = 89CC253118EE9EE700EDEFB8 /* backNormal.png */; };
		89CC253C18EE9EE700EDEFB8 /* backNormal.png in Resources */ = {isa = PBXBuildFile; fileRef = 89CC253118EE9EE700EDEFB8 /* backNormal.png */; };
		89CC253D18EE9EE700EDEFB8 /* backSelected.png in Resources */ = {isa = PBXBuildFile; fileRef = 89CC253218EE9EE700EDEFB8 /* backSelected.png */; };
		89CC253E18EE9EE700EDEFB8 /* backSelected.png in Resources */ = {isa = PBXBuildFile; fileRef = 89CC253218EE9EE700EDEFB8 /* backSelected.png */; };
		89CC253F18EE9EE700EDEFB8 /* ball.png in Resources */ = {isa = PBXBuildFile; fileRef = 89CC253318EE9EE700EDEFB8 /* ball.png */; };
		89CC254018EE9EE700EDEFB8 /* ball.png in Resources */ = {isa = PBXBuildFile; fileRef = 89CC253318EE9EE700EDEFB8 /* ball.png */; };
		89CC254118EE9EE700EDEFB8 /* cai1.as in Resources */ = {isa = PBXBuildFile; fileRef = 89CC253418EE9EE700EDEFB8 /* cai1.as */; };
		89CC254218EE9EE700EDEFB8 /* cai1.as in Resources */ = {isa = PBXBuildFile; fileRef = 89CC253418EE9EE700EDEFB8 /* cai1.as */; };
		89CC254318EE9EE700EDEFB8 /* cai1.lua in Resources */ = {isa = PBXBuildFile; fileRef = 89CC253518EE9EE700EDEFB8 /* cai1.lua */; };
		89CC254418EE9EE700EDEFB8 /* cai1.lua in Resources */ = {isa = PBXBuildFile; fileRef = 89CC253518EE9EE700EDEFB8 /* cai1.lua */; };
		89CC254518EE9EE700EDEFB8 /* cai1.plist in Resources */ = {isa = PBXBuildFile; fileRef = 89CC253618EE9EE700EDEFB8 /* cai1.plist */; };
		89CC254618EE9EE700EDEFB8 /* cai1.plist in Resources */ = {isa = PBXBuildFile; fileRef = 89CC253618EE9EE700EDEFB8 /* cai1.plist */; };
		89CC254718EE9EE700EDEFB8 /* cai1.png in Resources */ = {isa = PBXBuildFile; fileRef = 89CC253718EE9EE700EDEFB8 /* cai1.png */; };
		89CC254818EE9EE700EDEFB8 /* cai1.png in Resources */ = {isa = PBXBuildFile; fileRef = 89CC253718EE9EE700EDEFB8 /* cai1.png */; };
		89CC254918EE9EE700EDEFB8 /* cai2.png in Resources */ = {isa = PBXBuildFile; fileRef = 89CC253818EE9EE700EDEFB8 /* cai2.png */; };
		89CC254A18EE9EE700EDEFB8 /* cai2.png in Resources */ = {isa = PBXBuildFile; fileRef = 89CC253818EE9EE700EDEFB8 /* cai2.png */; };
		89CC254B18EE9EE700EDEFB8 /* ChipmunkCN_logo_200x200.png in Resources */ = {isa = PBXBuildFile; fileRef = 89CC253918EE9EE700EDEFB8 /* ChipmunkCN_logo_200x200.png */; };
		89CC254C18EE9EE700EDEFB8 /* ChipmunkCN_logo_200x200.png in Resources */ = {isa = PBXBuildFile; fileRef = 89CC253918EE9EE700EDEFB8 /* ChipmunkCN_logo_200x200.png */; };
		89CC254D18EE9EE700EDEFB8 /* chipmunkLogo.png in Resources */ = {isa = PBXBuildFile; fileRef = 89CC253A18EE9EE700EDEFB8 /* chipmunkLogo.png */; };
		89CC254E18EE9EE700EDEFB8 /* chipmunkLogo.png in Resources */ = {isa = PBXBuildFile; fileRef = 89CC253A18EE9EE700EDEFB8 /* chipmunkLogo.png */; };
		BF171245129291EC00B8313A /* OpenGLES.framework in Frameworks */ = {isa = PBXBuildFile; fileRef = BF170DB012928DE900B8313A /* OpenGLES.framework */; };
		BF1712471292920000B8313A /* libz.dylib in Frameworks */ = {isa = PBXBuildFile; fileRef = BF170DB412928DE900B8313A /* libz.dylib */; };
		BF1C47F01293687400B63C5D /* QuartzCore.framework in Frameworks */ = {isa = PBXBuildFile; fileRef = BF1C47EA1293683800B63C5D /* QuartzCore.framework */; };
		D44C620C132DFF330009C878 /* OpenAL.framework in Frameworks */ = {isa = PBXBuildFile; fileRef = D44C620B132DFF330009C878 /* OpenAL.framework */; };
		D44C620E132DFF430009C878 /* AVFoundation.framework in Frameworks */ = {isa = PBXBuildFile; fileRef = D44C620D132DFF430009C878 /* AVFoundation.framework */; };
		D44C6210132DFF4E0009C878 /* AudioToolbox.framework in Frameworks */ = {isa = PBXBuildFile; fileRef = D44C620F132DFF4E0009C878 /* AudioToolbox.framework */; };
		D6B0611B1803AB670077942B /* CoreMotion.framework in Frameworks */ = {isa = PBXBuildFile; fileRef = D6B0611A1803AB670077942B /* CoreMotion.framework */; };
/* End PBXBuildFile section */

/* Begin PBXContainerItemProxy section */
		1AC6FAF8180E9839004C840B /* PBXContainerItemProxy */ = {
			isa = PBXContainerItemProxy;
			containerPortal = 1AC6FAE5180E9839004C840B /* cocos2d_libs.xcodeproj */;
			proxyType = 2;
			remoteGlobalIDString = 1551A33F158F2AB200E66CFE;
			remoteInfo = "cocos2dx Mac";
		};
		1AC6FAFA180E9839004C840B /* PBXContainerItemProxy */ = {
			isa = PBXContainerItemProxy;
			containerPortal = 1AC6FAE5180E9839004C840B /* cocos2d_libs.xcodeproj */;
			proxyType = 2;
			remoteGlobalIDString = A03F2FD617814595006731B9;
			remoteInfo = "cocos2dx-extensions Mac";
		};
		1AC6FAFC180E9839004C840B /* PBXContainerItemProxy */ = {
			isa = PBXContainerItemProxy;
			containerPortal = 1AC6FAE5180E9839004C840B /* cocos2d_libs.xcodeproj */;
			proxyType = 2;
			remoteGlobalIDString = A03F2CB81780BD04006731B9;
			remoteInfo = "chipmunk Mac";
		};
		1AC6FAFE180E9839004C840B /* PBXContainerItemProxy */ = {
			isa = PBXContainerItemProxy;
			containerPortal = 1AC6FAE5180E9839004C840B /* cocos2d_libs.xcodeproj */;
			proxyType = 2;
			remoteGlobalIDString = A03F2D9B1780BDF7006731B9;
			remoteInfo = "box2d Mac";
		};
		1AC6FB00180E9839004C840B /* PBXContainerItemProxy */ = {
			isa = PBXContainerItemProxy;
			containerPortal = 1AC6FAE5180E9839004C840B /* cocos2d_libs.xcodeproj */;
			proxyType = 2;
			remoteGlobalIDString = A03F2ED617814268006731B9;
			remoteInfo = "CocosDenshion Mac";
		};
		1AC6FB06180E9839004C840B /* PBXContainerItemProxy */ = {
			isa = PBXContainerItemProxy;
			containerPortal = 1AC6FAE5180E9839004C840B /* cocos2d_libs.xcodeproj */;
			proxyType = 2;
			remoteGlobalIDString = A07A4D641783777C0073F6A7;
			remoteInfo = "cocos2dx iOS";
		};
		1AC6FB08180E9839004C840B /* PBXContainerItemProxy */ = {
			isa = PBXContainerItemProxy;
			containerPortal = 1AC6FAE5180E9839004C840B /* cocos2d_libs.xcodeproj */;
			proxyType = 2;
			remoteGlobalIDString = A07A4EFC1783867C0073F6A7;
			remoteInfo = "cocos2dx-extensions iOS";
		};
		1AC6FB0A180E9839004C840B /* PBXContainerItemProxy */ = {
			isa = PBXContainerItemProxy;
			containerPortal = 1AC6FAE5180E9839004C840B /* cocos2d_libs.xcodeproj */;
			proxyType = 2;
			remoteGlobalIDString = A07A4F3B178387670073F6A7;
			remoteInfo = "chipmunk iOS";
		};
		1AC6FB0C180E9839004C840B /* PBXContainerItemProxy */ = {
			isa = PBXContainerItemProxy;
			containerPortal = 1AC6FAE5180E9839004C840B /* cocos2d_libs.xcodeproj */;
			proxyType = 2;
			remoteGlobalIDString = A07A4F9E1783876B0073F6A7;
			remoteInfo = "box2d iOS";
		};
		1AC6FB0E180E9839004C840B /* PBXContainerItemProxy */ = {
			isa = PBXContainerItemProxy;
			containerPortal = 1AC6FAE5180E9839004C840B /* cocos2d_libs.xcodeproj */;
			proxyType = 2;
			remoteGlobalIDString = A07A4FB4178387730073F6A7;
			remoteInfo = "CocosDenshion iOS";
		};
		1AC6FB15180E9959004C840B /* PBXContainerItemProxy */ = {
			isa = PBXContainerItemProxy;
			containerPortal = 1AC6FAE5180E9839004C840B /* cocos2d_libs.xcodeproj */;
			proxyType = 1;
			remoteGlobalIDString = 1551A33E158F2AB200E66CFE;
			remoteInfo = "cocos2dx Mac";
		};
		1AC6FB17180E9959004C840B /* PBXContainerItemProxy */ = {
			isa = PBXContainerItemProxy;
			containerPortal = 1AC6FAE5180E9839004C840B /* cocos2d_libs.xcodeproj */;
			proxyType = 1;
			remoteGlobalIDString = A03F2FC117814595006731B9;
			remoteInfo = "cocos2dx-extensions Mac";
		};
		1AC6FB19180E9959004C840B /* PBXContainerItemProxy */ = {
			isa = PBXContainerItemProxy;
			containerPortal = 1AC6FAE5180E9839004C840B /* cocos2d_libs.xcodeproj */;
			proxyType = 1;
			remoteGlobalIDString = A03F2B781780BD04006731B9;
			remoteInfo = "chipmunk Mac";
		};
		1AC6FB1B180E9959004C840B /* PBXContainerItemProxy */ = {
			isa = PBXContainerItemProxy;
			containerPortal = 1AC6FAE5180E9839004C840B /* cocos2d_libs.xcodeproj */;
			proxyType = 1;
			remoteGlobalIDString = A03F2E9817814268006731B9;
			remoteInfo = "CocosDenshion Mac";
		};
		1AC6FB1D180E9963004C840B /* PBXContainerItemProxy */ = {
			isa = PBXContainerItemProxy;
			containerPortal = 1AC6FAE5180E9839004C840B /* cocos2d_libs.xcodeproj */;
			proxyType = 1;
			remoteGlobalIDString = A03F2D5D1780BDF7006731B9;
			remoteInfo = "box2d Mac";
		};
		1AC6FB24180E99E1004C840B /* PBXContainerItemProxy */ = {
			isa = PBXContainerItemProxy;
			containerPortal = 1AC6FAE5180E9839004C840B /* cocos2d_libs.xcodeproj */;
			proxyType = 1;
			remoteGlobalIDString = A07A4C241783777C0073F6A7;
			remoteInfo = "cocos2dx iOS";
		};
		1AC6FB26180E99E1004C840B /* PBXContainerItemProxy */ = {
			isa = PBXContainerItemProxy;
			containerPortal = 1AC6FAE5180E9839004C840B /* cocos2d_libs.xcodeproj */;
			proxyType = 1;
			remoteGlobalIDString = A07A4E111783867C0073F6A7;
			remoteInfo = "cocos2dx-extensions iOS";
		};
		1AC6FB28180E99E1004C840B /* PBXContainerItemProxy */ = {
			isa = PBXContainerItemProxy;
			containerPortal = 1AC6FAE5180E9839004C840B /* cocos2d_libs.xcodeproj */;
			proxyType = 1;
			remoteGlobalIDString = A07A4EFD178387670073F6A7;
			remoteInfo = "chipmunk iOS";
		};
		1AC6FB2A180E99E1004C840B /* PBXContainerItemProxy */ = {
			isa = PBXContainerItemProxy;
			containerPortal = 1AC6FAE5180E9839004C840B /* cocos2d_libs.xcodeproj */;
			proxyType = 1;
			remoteGlobalIDString = A07A4F3C1783876B0073F6A7;
			remoteInfo = "box2d iOS";
		};
		1AC6FB2C180E99E1004C840B /* PBXContainerItemProxy */ = {
			isa = PBXContainerItemProxy;
			containerPortal = 1AC6FAE5180E9839004C840B /* cocos2d_libs.xcodeproj */;
			proxyType = 1;
			remoteGlobalIDString = A07A4F9F178387730073F6A7;
			remoteInfo = "CocosDenshion iOS";
		};
/* End PBXContainerItemProxy section */

/* Begin PBXFileReference section */
		1AC6FAE5180E9839004C840B /* cocos2d_libs.xcodeproj */ = {isa = PBXFileReference; lastKnownFileType = "wrapper.pb-project"; name = cocos2d_libs.xcodeproj; path = ../cocos2d/build/cocos2d_libs.xcodeproj; sourceTree = "<group>"; };
		1ACB3243164770DE00914215 /* libcurl.a */ = {isa = PBXFileReference; lastKnownFileType = archive.ar; name = libcurl.a; path = ../../cocos2dx/platform/third_party/ios/libraries/libcurl.a; sourceTree = "<group>"; };
		1AFAF8B316D35DE700DB1158 /* AppDelegate.cpp */ = {isa = PBXFileReference; fileEncoding = 4; lastKnownFileType = sourcecode.cpp.cpp; name = AppDelegate.cpp; path = ../Classes/AppDelegate.cpp; sourceTree = "<group>"; };
		1AFAF8B416D35DE700DB1158 /* AppDelegate.h */ = {isa = PBXFileReference; fileEncoding = 4; lastKnownFileType = sourcecode.c.h; name = AppDelegate.h; path = ../Classes/AppDelegate.h; sourceTree = "<group>"; };
		1AFAF8B516D35DE700DB1158 /* HelloWorldScene.cpp */ = {isa = PBXFileReference; fileEncoding = 4; lastKnownFileType = sourcecode.cpp.cpp; name = HelloWorldScene.cpp; path = ../Classes/HelloWorldScene.cpp; sourceTree = "<group>"; };
		1AFAF8B616D35DE700DB1158 /* HelloWorldScene.h */ = {isa = PBXFileReference; fileEncoding = 4; lastKnownFileType = sourcecode.c.h; name = HelloWorldScene.h; path = ../Classes/HelloWorldScene.h; sourceTree = "<group>"; };
		1AFAF8B916D35E4900DB1158 /* CloseNormal.png */ = {isa = PBXFileReference; lastKnownFileType = image.png; path = CloseNormal.png; sourceTree = "<group>"; };
		1AFAF8BA16D35E4900DB1158 /* CloseSelected.png */ = {isa = PBXFileReference; lastKnownFileType = image.png; path = CloseSelected.png; sourceTree = "<group>"; };
		1AFAF8BB16D35E4900DB1158 /* HelloWorld.png */ = {isa = PBXFileReference; lastKnownFileType = image.png; path = HelloWorld.png; sourceTree = "<group>"; };
		1D30AB110D05D00D00671497 /* Foundation.framework */ = {isa = PBXFileReference; lastKnownFileType = wrapper.framework; name = Foundation.framework; path = System/Library/Frameworks/Foundation.framework; sourceTree = SDKROOT; };
		1D6058910D05DD3D006BFB54 /* RockChipmunk2D iOS.app */ = {isa = PBXFileReference; explicitFileType = wrapper.application; includeInIndex = 0; path = "RockChipmunk2D iOS.app"; sourceTree = BUILT_PRODUCTS_DIR; };
		1DF5F4DF0D08C38300B7A737 /* UIKit.framework */ = {isa = PBXFileReference; lastKnownFileType = wrapper.framework; name = UIKit.framework; path = System/Library/Frameworks/UIKit.framework; sourceTree = SDKROOT; };
		288765A40DF7441C002DB57D /* CoreGraphics.framework */ = {isa = PBXFileReference; lastKnownFileType = wrapper.framework; name = CoreGraphics.framework; path = System/Library/Frameworks/CoreGraphics.framework; sourceTree = SDKROOT; };
		503AE0F617EB97AB00D1A890 /* Icon.icns */ = {isa = PBXFileReference; lastKnownFileType = image.icns; path = Icon.icns; sourceTree = "<group>"; };
		503AE0F717EB97AB00D1A890 /* Info.plist */ = {isa = PBXFileReference; fileEncoding = 4; lastKnownFileType = text.plist.xml; path = Info.plist; sourceTree = "<group>"; };
		503AE0FA17EB989F00D1A890 /* AppController.h */ = {isa = PBXFileReference; fileEncoding = 4; lastKnownFileType = sourcecode.c.h; name = AppController.h; path = ios/AppController.h; sourceTree = SOURCE_ROOT; };
		503AE0FB17EB989F00D1A890 /* AppController.mm */ = {isa = PBXFileReference; fileEncoding = 4; lastKnownFileType = sourcecode.cpp.objcpp; name = AppController.mm; path = ios/AppController.mm; sourceTree = SOURCE_ROOT; };
		503AE0FC17EB989F00D1A890 /* main.m */ = {isa = PBXFileReference; fileEncoding = 4; lastKnownFileType = sourcecode.c.objc; name = main.m; path = ios/main.m; sourceTree = SOURCE_ROOT; };
		503AE0FD17EB989F00D1A890 /* Prefix.pch */ = {isa = PBXFileReference; fileEncoding = 4; lastKnownFileType = sourcecode.c.h; name = Prefix.pch; path = ios/Prefix.pch; sourceTree = SOURCE_ROOT; };
		503AE0FE17EB989F00D1A890 /* RootViewController.h */ = {isa = PBXFileReference; fileEncoding = 4; lastKnownFileType = sourcecode.c.h; name = RootViewController.h; path = ios/RootViewController.h; sourceTree = SOURCE_ROOT; };
		503AE0FF17EB989F00D1A890 /* RootViewController.mm */ = {isa = PBXFileReference; fileEncoding = 4; lastKnownFileType = sourcecode.cpp.objcpp; name = RootViewController.mm; path = ios/RootViewController.mm; sourceTree = SOURCE_ROOT; };
		503AE10317EB98FF00D1A890 /* main.cpp */ = {isa = PBXFileReference; fileEncoding = 4; lastKnownFileType = sourcecode.cpp.cpp; name = main.cpp; path = mac/main.cpp; sourceTree = "<group>"; };
		503AE10417EB98FF00D1A890 /* Prefix.pch */ = {isa = PBXFileReference; fileEncoding = 4; lastKnownFileType = sourcecode.c.h; name = Prefix.pch; path = mac/Prefix.pch; sourceTree = "<group>"; };
		503AE11117EB99EE00D1A890 /* libcurl.dylib */ = {isa = PBXFileReference; lastKnownFileType = "compiled.mach-o.dylib"; name = libcurl.dylib; path = usr/lib/libcurl.dylib; sourceTree = SDKROOT; };
		503AE11A17EB9C5A00D1A890 /* IOKit.framework */ = {isa = PBXFileReference; lastKnownFileType = wrapper.framework; name = IOKit.framework; path = System/Library/Frameworks/IOKit.framework; sourceTree = SDKROOT; };
		5087E76F17EB910900C73F5D /* RockChipmunk2D Mac.app */ = {isa = PBXFileReference; explicitFileType = wrapper.application; includeInIndex = 0; path = "RockChipmunk2D Mac.app"; sourceTree = BUILT_PRODUCTS_DIR; };
		5087E77217EB970100C73F5D /* Default-568h@2x.png */ = {isa = PBXFileReference; lastKnownFileType = image.png; path = "Default-568h@2x.png"; sourceTree = "<group>"; };
		5087E77317EB970100C73F5D /* Default.png */ = {isa = PBXFileReference; lastKnownFileType = image.png; path = Default.png; sourceTree = "<group>"; };
		5087E77417EB970100C73F5D /* Default@2x.png */ = {isa = PBXFileReference; lastKnownFileType = image.png; path = "Default@2x.png"; sourceTree = "<group>"; };
		5087E77517EB970100C73F5D /* Icon-114.png */ = {isa = PBXFileReference; lastKnownFileType = image.png; path = "Icon-114.png"; sourceTree = "<group>"; };
		5087E77617EB970100C73F5D /* Icon-120.png */ = {isa = PBXFileReference; lastKnownFileType = image.png; path = "Icon-120.png"; sourceTree = "<group>"; };
		5087E77717EB970100C73F5D /* Icon-144.png */ = {isa = PBXFileReference; lastKnownFileType = image.png; path = "Icon-144.png"; sourceTree = "<group>"; };
		5087E77817EB970100C73F5D /* Icon-152.png */ = {isa = PBXFileReference; lastKnownFileType = image.png; path = "Icon-152.png"; sourceTree = "<group>"; };
		5087E77917EB970100C73F5D /* Icon-57.png */ = {isa = PBXFileReference; lastKnownFileType = image.png; path = "Icon-57.png"; sourceTree = "<group>"; };
		5087E77A17EB970100C73F5D /* Icon-72.png */ = {isa = PBXFileReference; lastKnownFileType = image.png; path = "Icon-72.png"; sourceTree = "<group>"; };
		5087E77B17EB970100C73F5D /* Icon-76.png */ = {isa = PBXFileReference; lastKnownFileType = image.png; path = "Icon-76.png"; sourceTree = "<group>"; };
		5087E77C17EB970100C73F5D /* Info.plist */ = {isa = PBXFileReference; fileEncoding = 4; lastKnownFileType = text.plist.xml; path = Info.plist; sourceTree = "<group>"; };
		5087E78817EB974C00C73F5D /* AppKit.framework */ = {isa = PBXFileReference; lastKnownFileType = wrapper.framework; name = AppKit.framework; path = System/Library/Frameworks/AppKit.framework; sourceTree = SDKROOT; };
		5087E78A17EB975400C73F5D /* OpenGL.framework */ = {isa = PBXFileReference; lastKnownFileType = wrapper.framework; name = OpenGL.framework; path = System/Library/Frameworks/OpenGL.framework; sourceTree = SDKROOT; };
		50EF629217ECD46A001EB2F8 /* Icon-40.png */ = {isa = PBXFileReference; lastKnownFileType = image.png; path = "Icon-40.png"; sourceTree = "<group>"; };
		50EF629317ECD46A001EB2F8 /* Icon-58.png */ = {isa = PBXFileReference; lastKnownFileType = image.png; path = "Icon-58.png"; sourceTree = "<group>"; };
		50EF629417ECD46A001EB2F8 /* Icon-80.png */ = {isa = PBXFileReference; lastKnownFileType = image.png; path = "Icon-80.png"; sourceTree = "<group>"; };
		50EF629517ECD46A001EB2F8 /* Icon-100.png */ = {isa = PBXFileReference; lastKnownFileType = image.png; path = "Icon-100.png"; sourceTree = "<group>"; };
		50EF62A017ECD613001EB2F8 /* Icon-29.png */ = {isa = PBXFileReference; lastKnownFileType = image.png; path = "Icon-29.png"; sourceTree = "<group>"; };
		50EF62A117ECD613001EB2F8 /* Icon-50.png */ = {isa = PBXFileReference; lastKnownFileType = image.png; path = "Icon-50.png"; sourceTree = "<group>"; };
		893313EF18FAB14200EA877C /* PointQueryScene.cpp */ = {isa = PBXFileReference; fileEncoding = 4; lastKnownFileType = sourcecode.cpp.cpp; path = PointQueryScene.cpp; sourceTree = "<group>"; };
		893313F018FAB14200EA877C /* PointQueryScene.h */ = {isa = PBXFileReference; fileEncoding = 4; lastKnownFileType = sourcecode.c.h; path = PointQueryScene.h; sourceTree = "<group>"; };
		8947CA0118F2A0B30007847E /* ColorMatchScene.cpp */ = {isa = PBXFileReference; fileEncoding = 4; lastKnownFileType = sourcecode.cpp.cpp; path = ColorMatchScene.cpp; sourceTree = "<group>"; };
		8947CA0218F2A0B30007847E /* ColorMatchScene.h */ = {isa = PBXFileReference; fileEncoding = 4; lastKnownFileType = sourcecode.c.h; path = ColorMatchScene.h; sourceTree = "<group>"; };
		8947CA0618F2A2020007847E /* ball_0.png */ = {isa = PBXFileReference; lastKnownFileType = image.png; path = ball_0.png; sourceTree = "<group>"; };
		8947CA0718F2A2020007847E /* ball_1.png */ = {isa = PBXFileReference; lastKnownFileType = image.png; path = ball_1.png; sourceTree = "<group>"; };
		8947CA0818F2A2020007847E /* ball_2.png */ = {isa = PBXFileReference; lastKnownFileType = image.png; path = ball_2.png; sourceTree = "<group>"; };
		8947CA0918F2A2020007847E /* ball_3.png */ = {isa = PBXFileReference; lastKnownFileType = image.png; path = ball_3.png; sourceTree = "<group>"; };
		8947CA0A18F2A2020007847E /* ball_4.png */ = {isa = PBXFileReference; lastKnownFileType = image.png; path = ball_4.png; sourceTree = "<group>"; };
		8947CA0B18F2A2020007847E /* ball_5.png */ = {isa = PBXFileReference; lastKnownFileType = image.png; path = ball_5.png; sourceTree = "<group>"; };
		8947CA0C18F2A2020007847E /* bg.png */ = {isa = PBXFileReference; lastKnownFileType = image.png; path = bg.png; sourceTree = "<group>"; };
		8947CA0D18F2A2020007847E /* ploop.wav */ = {isa = PBXFileReference; lastKnownFileType = audio.wav; path = ploop.wav; sourceTree = "<group>"; };
		8947CA0E18F2A2020007847E /* pop.plist */ = {isa = PBXFileReference; fileEncoding = 4; lastKnownFileType = text.plist.xml; path = pop.plist; sourceTree = "<group>"; };
		8947CA0F18F2A2020007847E /* pop.wav */ = {isa = PBXFileReference; lastKnownFileType = audio.wav; path = pop.wav; sourceTree = "<group>"; };
		8947CA1018F2A2020007847E /* thump.wav */ = {isa = PBXFileReference; lastKnownFileType = audio.wav; path = thump.wav; sourceTree = "<group>"; };
		8947CA2718F2BE320007847E /* Ball.cpp */ = {isa = PBXFileReference; fileEncoding = 4; lastKnownFileType = sourcecode.cpp.cpp; path = Ball.cpp; sourceTree = "<group>"; };
		8947CA2818F2BE320007847E /* Ball.h */ = {isa = PBXFileReference; fileEncoding = 4; lastKnownFileType = sourcecode.c.h; path = Ball.h; sourceTree = "<group>"; };
		8947CA5418F819A10007847E /* blocks.png */ = {isa = PBXFileReference; lastKnownFileType = image.png; path = blocks.png; sourceTree = "<group>"; };
		8947CA5518F819A10007847E /* scroller.tmx */ = {isa = PBXFileReference; fileEncoding = 4; lastKnownFileType = text.xml; path = scroller.tmx; sourceTree = "<group>"; };
		8947CA5E18F819E80007847E /* SimplePlatformerScene.cpp */ = {isa = PBXFileReference; fileEncoding = 4; lastKnownFileType = sourcecode.cpp.cpp; path = SimplePlatformerScene.cpp; sourceTree = "<group>"; };
		8947CA5F18F819E80007847E /* SimplePlatformerScene.h */ = {isa = PBXFileReference; fileEncoding = 4; lastKnownFileType = sourcecode.c.h; path = SimplePlatformerScene.h; sourceTree = "<group>"; };
		8947CA6018F819E80007847E /* Player.cpp */ = {isa = PBXFileReference; fileEncoding = 4; lastKnownFileType = sourcecode.cpp.cpp; path = Player.cpp; sourceTree = "<group>"; };
		8947CA6118F819E80007847E /* Player.h */ = {isa = PBXFileReference; fileEncoding = 4; lastKnownFileType = sourcecode.c.h; path = Player.h; sourceTree = "<group>"; };
		89BC216518FCF39D00C0ED51 /* HitMeScene.cpp */ = {isa = PBXFileReference; fileEncoding = 4; lastKnownFileType = sourcecode.cpp.cpp; path = HitMeScene.cpp; sourceTree = "<group>"; };
		89BC216618FCF39D00C0ED51 /* HitMeScene.h */ = {isa = PBXFileReference; fileEncoding = 4; lastKnownFileType = sourcecode.c.h; path = HitMeScene.h; sourceTree = "<group>"; };
		89BC216A18FCF52000C0ED51 /* hit_me.png */ = {isa = PBXFileReference; lastKnownFileType = image.png; path = hit_me.png; sourceTree = "<group>"; };
		89BC21A518FEC18A00C0ED51 /* PRFilledPolygon.cpp */ = {isa = PBXFileReference; fileEncoding = 4; lastKnownFileType = sourcecode.cpp.cpp; path = PRFilledPolygon.cpp; sourceTree = "<group>"; };
		89BC21A618FEC18A00C0ED51 /* PRFilledPolygon.h */ = {isa = PBXFileReference; fileEncoding = 4; lastKnownFileType = sourcecode.c.h; path = PRFilledPolygon.h; sourceTree = "<group>"; };
		89BC21A718FEC18A00C0ED51 /* PRRatcliffTriangulator.cpp */ = {isa = PBXFileReference; fileEncoding = 4; lastKnownFileType = sourcecode.cpp.cpp; path = PRRatcliffTriangulator.cpp; sourceTree = "<group>"; };
		89BC21A818FEC18A00C0ED51 /* PRRatcliffTriangulator.h */ = {isa = PBXFileReference; fileEncoding = 4; lastKnownFileType = sourcecode.c.h; path = PRRatcliffTriangulator.h; sourceTree = "<group>"; };
		89BC21A918FEC18A00C0ED51 /* triangulate.cpp */ = {isa = PBXFileReference; fileEncoding = 4; lastKnownFileType = sourcecode.cpp.cpp; path = triangulate.cpp; sourceTree = "<group>"; };
		89BC21AA18FEC18A00C0ED51 /* triangulate.h */ = {isa = PBXFileReference; fileEncoding = 4; lastKnownFileType = sourcecode.c.h; path = triangulate.h; sourceTree = "<group>"; };
		89BC21B318FED47800C0ED51 /* pattern1.png */ = {isa = PBXFileReference; lastKnownFileType = image.png; path = pattern1.png; sourceTree = "<group>"; };
		89BC21B818FED80B00C0ED51 /* PRKitDemoScene.cpp */ = {isa = PBXFileReference; fileEncoding = 4; lastKnownFileType = sourcecode.cpp.cpp; path = PRKitDemoScene.cpp; sourceTree = "<group>"; };
		89BC21B918FED80B00C0ED51 /* PRKitDemoScene.h */ = {isa = PBXFileReference; fileEncoding = 4; lastKnownFileType = sourcecode.c.h; path = PRKitDemoScene.h; sourceTree = "<group>"; };
		89CC24E918EE9ECA00EDEFB8 /* BaseDemo.cpp */ = {isa = PBXFileReference; fileEncoding = 4; lastKnownFileType = sourcecode.cpp.cpp; name = BaseDemo.cpp; path = ../Classes/BaseDemo.cpp; sourceTree = "<group>"; };
		89CC24EA18EE9ECA00EDEFB8 /* BaseDemo.h */ = {isa = PBXFileReference; fileEncoding = 4; lastKnownFileType = sourcecode.c.h; name = BaseDemo.h; path = ../Classes/BaseDemo.h; sourceTree = "<group>"; };
		89CC24EB18EE9ECA00EDEFB8 /* ContactFilterScene.cpp */ = {isa = PBXFileReference; fileEncoding = 4; lastKnownFileType = sourcecode.cpp.cpp; name = ContactFilterScene.cpp; path = ../Classes/ContactFilterScene.cpp; sourceTree = "<group>"; };
		89CC24EC18EE9ECA00EDEFB8 /* ContactFilterScene.h */ = {isa = PBXFileReference; fileEncoding = 4; lastKnownFileType = sourcecode.c.h; name = ContactFilterScene.h; path = ../Classes/ContactFilterScene.h; sourceTree = "<group>"; };
		89CC24ED18EE9ECA00EDEFB8 /* ContentLayer.cpp */ = {isa = PBXFileReference; fileEncoding = 4; lastKnownFileType = sourcecode.cpp.cpp; name = ContentLayer.cpp; path = ../Classes/ContentLayer.cpp; sourceTree = "<group>"; };
		89CC24EE18EE9ECA00EDEFB8 /* ContentLayer.h */ = {isa = PBXFileReference; fileEncoding = 4; lastKnownFileType = sourcecode.c.h; name = ContentLayer.h; path = ../Classes/ContentLayer.h; sourceTree = "<group>"; };
		89CC24F718EE9ED200EDEFB8 /* IntroScene.cpp */ = {isa = PBXFileReference; fileEncoding = 4; lastKnownFileType = sourcecode.cpp.cpp; name = IntroScene.cpp; path = ../Classes/IntroScene.cpp; sourceTree = "<group>"; };
		89CC24F818EE9ED200EDEFB8 /* IntroScene.h */ = {isa = PBXFileReference; fileEncoding = 4; lastKnownFileType = sourcecode.c.h; name = IntroScene.h; path = ../Classes/IntroScene.h; sourceTree = "<group>"; };
		89CC24FA18EE9ED200EDEFB8 /* PinJointScene.cpp */ = {isa = PBXFileReference; fileEncoding = 4; lastKnownFileType = sourcecode.cpp.cpp; path = PinJointScene.cpp; sourceTree = "<group>"; };
		89CC24FB18EE9ED200EDEFB8 /* PinJointScene.h */ = {isa = PBXFileReference; fileEncoding = 4; lastKnownFileType = sourcecode.c.h; path = PinJointScene.h; sourceTree = "<group>"; };
		89CC24FC18EE9ED200EDEFB8 /* SlideJointScene.cpp */ = {isa = PBXFileReference; fileEncoding = 4; lastKnownFileType = sourcecode.cpp.cpp; path = SlideJointScene.cpp; sourceTree = "<group>"; };
		89CC24FD18EE9ED200EDEFB8 /* SlideJointScene.h */ = {isa = PBXFileReference; fileEncoding = 4; lastKnownFileType = sourcecode.c.h; path = SlideJointScene.h; sourceTree = "<group>"; };
		89CC24FE18EE9ED200EDEFB8 /* RollingBall.cpp */ = {isa = PBXFileReference; fileEncoding = 4; lastKnownFileType = sourcecode.cpp.cpp; name = RollingBall.cpp; path = ../Classes/RollingBall.cpp; sourceTree = "<group>"; };
		89CC24FF18EE9ED200EDEFB8 /* RollingBall.h */ = {isa = PBXFileReference; fileEncoding = 4; lastKnownFileType = sourcecode.c.h; name = RollingBall.h; path = ../Classes/RollingBall.h; sourceTree = "<group>"; };
		89CC250018EE9ED200EDEFB8 /* VisibleRect.cpp */ = {isa = PBXFileReference; fileEncoding = 4; lastKnownFileType = sourcecode.cpp.cpp; name = VisibleRect.cpp; path = ../Classes/VisibleRect.cpp; sourceTree = "<group>"; };
		89CC250118EE9ED200EDEFB8 /* VisibleRect.h */ = {isa = PBXFileReference; fileEncoding = 4; lastKnownFileType = sourcecode.c.h; name = VisibleRect.h; path = ../Classes/VisibleRect.h; sourceTree = "<group>"; };
		89CC250C18EE9EDE00EDEFB8 /* egg.png */ = {isa = PBXFileReference; lastKnownFileType = image.png; path = egg.png; sourceTree = "<group>"; };
		89CC250E18EE9EDE00EDEFB8 /* Marker Felt.ttf */ = {isa = PBXFileReference; lastKnownFileType = file; path = "Marker Felt.ttf"; sourceTree = "<group>"; };
		89CC250F18EE9EDE00EDEFB8 /* goNormal.png */ = {isa = PBXFileReference; lastKnownFileType = image.png; path = goNormal.png; sourceTree = "<group>"; };
		89CC251018EE9EDE00EDEFB8 /* goSelected.png */ = {isa = PBXFileReference; lastKnownFileType = image.png; path = goSelected.png; sourceTree = "<group>"; };
		89CC251118EE9EDE00EDEFB8 /* refreshNormal.png */ = {isa = PBXFileReference; lastKnownFileType = image.png; path = refreshNormal.png; sourceTree = "<group>"; };
		89CC251218EE9EDE00EDEFB8 /* refreshSelected.png */ = {isa = PBXFileReference; lastKnownFileType = image.png; path = refreshSelected.png; sourceTree = "<group>"; };
		89CC251318EE9EDE00EDEFB8 /* scrollItemBgNormal.png */ = {isa = PBXFileReference; lastKnownFileType = image.png; path = scrollItemBgNormal.png; sourceTree = "<group>"; };
		89CC251418EE9EDE00EDEFB8 /* scrollItemBgSelected.png */ = {isa = PBXFileReference; lastKnownFileType = image.png; path = scrollItemBgSelected.png; sourceTree = "<group>"; };
		89CC251518EE9EDE00EDEFB8 /* steroidtocat.png */ = {isa = PBXFileReference; lastKnownFileType = image.png; path = steroidtocat.png; sourceTree = "<group>"; };
		89CC251618EE9EDE00EDEFB8 /* tabletop-battles.mp3 */ = {isa = PBXFileReference; lastKnownFileType = audio.mp3; path = "tabletop-battles.mp3"; sourceTree = "<group>"; };
		89CC251718EE9EDE00EDEFB8 /* YellowSquare.png */ = {isa = PBXFileReference; lastKnownFileType = image.png; path = YellowSquare.png; sourceTree = "<group>"; };
		89CC251818EE9EDE00EDEFB8 /* YellowTriangle.png */ = {isa = PBXFileReference; lastKnownFileType = image.png; path = YellowTriangle.png; sourceTree = "<group>"; };
		89CC253118EE9EE700EDEFB8 /* backNormal.png */ = {isa = PBXFileReference; lastKnownFileType = image.png; path = backNormal.png; sourceTree = "<group>"; };
		89CC253218EE9EE700EDEFB8 /* backSelected.png */ = {isa = PBXFileReference; lastKnownFileType = image.png; path = backSelected.png; sourceTree = "<group>"; };
		89CC253318EE9EE700EDEFB8 /* ball.png */ = {isa = PBXFileReference; lastKnownFileType = image.png; path = ball.png; sourceTree = "<group>"; };
		89CC253418EE9EE700EDEFB8 /* cai1.as */ = {isa = PBXFileReference; fileEncoding = 4; lastKnownFileType = text; path = cai1.as; sourceTree = "<group>"; };
		89CC253518EE9EE700EDEFB8 /* cai1.lua */ = {isa = PBXFileReference; fileEncoding = 4; lastKnownFileType = text; path = cai1.lua; sourceTree = "<group>"; };
		89CC253618EE9EE700EDEFB8 /* cai1.plist */ = {isa = PBXFileReference; fileEncoding = 4; lastKnownFileType = text.plist.xml; path = cai1.plist; sourceTree = "<group>"; };
		89CC253718EE9EE700EDEFB8 /* cai1.png */ = {isa = PBXFileReference; lastKnownFileType = image.png; path = cai1.png; sourceTree = "<group>"; };
		89CC253818EE9EE700EDEFB8 /* cai2.png */ = {isa = PBXFileReference; lastKnownFileType = image.png; path = cai2.png; sourceTree = "<group>"; };
		89CC253918EE9EE700EDEFB8 /* ChipmunkCN_logo_200x200.png */ = {isa = PBXFileReference; lastKnownFileType = image.png; path = ChipmunkCN_logo_200x200.png; sourceTree = "<group>"; };
		89CC253A18EE9EE700EDEFB8 /* chipmunkLogo.png */ = {isa = PBXFileReference; lastKnownFileType = image.png; path = chipmunkLogo.png; sourceTree = "<group>"; };
		BF170DB012928DE900B8313A /* OpenGLES.framework */ = {isa = PBXFileReference; lastKnownFileType = wrapper.framework; name = OpenGLES.framework; path = System/Library/Frameworks/OpenGLES.framework; sourceTree = SDKROOT; };
		BF170DB412928DE900B8313A /* libz.dylib */ = {isa = PBXFileReference; lastKnownFileType = "compiled.mach-o.dylib"; name = libz.dylib; path = usr/lib/libz.dylib; sourceTree = SDKROOT; };
		BF1C47EA1293683800B63C5D /* QuartzCore.framework */ = {isa = PBXFileReference; lastKnownFileType = wrapper.framework; name = QuartzCore.framework; path = System/Library/Frameworks/QuartzCore.framework; sourceTree = SDKROOT; };
		D44C620B132DFF330009C878 /* OpenAL.framework */ = {isa = PBXFileReference; lastKnownFileType = wrapper.framework; name = OpenAL.framework; path = System/Library/Frameworks/OpenAL.framework; sourceTree = SDKROOT; };
		D44C620D132DFF430009C878 /* AVFoundation.framework */ = {isa = PBXFileReference; lastKnownFileType = wrapper.framework; name = AVFoundation.framework; path = System/Library/Frameworks/AVFoundation.framework; sourceTree = SDKROOT; };
		D44C620F132DFF4E0009C878 /* AudioToolbox.framework */ = {isa = PBXFileReference; lastKnownFileType = wrapper.framework; name = AudioToolbox.framework; path = System/Library/Frameworks/AudioToolbox.framework; sourceTree = SDKROOT; };
		D6B0611A1803AB670077942B /* CoreMotion.framework */ = {isa = PBXFileReference; lastKnownFileType = wrapper.framework; name = CoreMotion.framework; path = Platforms/iPhoneOS.platform/Developer/SDKs/iPhoneOS7.0.sdk/System/Library/Frameworks/CoreMotion.framework; sourceTree = DEVELOPER_DIR; };
/* End PBXFileReference section */

/* Begin PBXFrameworksBuildPhase section */
		1D60588F0D05DD3D006BFB54 /* Frameworks */ = {
			isa = PBXFrameworksBuildPhase;
			buildActionMask = 2147483647;
			files = (
				1AC6FB2E180E99EB004C840B /* libbox2d iOS.a in Frameworks */,
				1AC6FB2F180E99EB004C840B /* libchipmunk iOS.a in Frameworks */,
				1AC6FB30180E99EB004C840B /* libcocos2dx iOS.a in Frameworks */,
				1AC6FB31180E99EB004C840B /* libcocos2dx-extensions iOS.a in Frameworks */,
				1AC6FB32180E99EB004C840B /* libCocosDenshion iOS.a in Frameworks */,
				D6B0611B1803AB670077942B /* CoreMotion.framework in Frameworks */,
				1D60589F0D05DD5A006BFB54 /* Foundation.framework in Frameworks */,
				1DF5F4E00D08C38300B7A737 /* UIKit.framework in Frameworks */,
				288765A50DF7441C002DB57D /* CoreGraphics.framework in Frameworks */,
				BF171245129291EC00B8313A /* OpenGLES.framework in Frameworks */,
				BF1712471292920000B8313A /* libz.dylib in Frameworks */,
				BF1C47F01293687400B63C5D /* QuartzCore.framework in Frameworks */,
				D44C620C132DFF330009C878 /* OpenAL.framework in Frameworks */,
				D44C620E132DFF430009C878 /* AVFoundation.framework in Frameworks */,
				D44C6210132DFF4E0009C878 /* AudioToolbox.framework in Frameworks */,
			);
			runOnlyForDeploymentPostprocessing = 0;
		};
		5087E75C17EB910900C73F5D /* Frameworks */ = {
			isa = PBXFrameworksBuildPhase;
			buildActionMask = 2147483647;
			files = (
				1AC6FB1F180E996B004C840B /* libbox2d Mac.a in Frameworks */,
				1AC6FB20180E996B004C840B /* libchipmunk Mac.a in Frameworks */,
				1AC6FB21180E996B004C840B /* libcocos2dx Mac.a in Frameworks */,
				1AC6FB22180E996B004C840B /* libcocos2dx-extensions Mac.a in Frameworks */,
				1AC6FB23180E996B004C840B /* libCocosDenshion Mac.a in Frameworks */,
				503AE11217EB99EE00D1A890 /* libcurl.dylib in Frameworks */,
				5087E76717EB910900C73F5D /* libz.dylib in Frameworks */,
				503AE11B17EB9C5A00D1A890 /* IOKit.framework in Frameworks */,
				5087E78B17EB975400C73F5D /* OpenGL.framework in Frameworks */,
				5087E78917EB974C00C73F5D /* AppKit.framework in Frameworks */,
				5087E76317EB910900C73F5D /* Foundation.framework in Frameworks */,
				5087E76517EB910900C73F5D /* CoreGraphics.framework in Frameworks */,
				5087E76817EB910900C73F5D /* QuartzCore.framework in Frameworks */,
				5087E76917EB910900C73F5D /* OpenAL.framework in Frameworks */,
				5087E76A17EB910900C73F5D /* AVFoundation.framework in Frameworks */,
				5087E76B17EB910900C73F5D /* AudioToolbox.framework in Frameworks */,
			);
			runOnlyForDeploymentPostprocessing = 0;
		};
/* End PBXFrameworksBuildPhase section */

/* Begin PBXGroup section */
		080E96DDFE201D6D7F000001 /* ios */ = {
			isa = PBXGroup;
			children = (
				5087E77117EB970100C73F5D /* Icons */,
				503AE0FA17EB989F00D1A890 /* AppController.h */,
				503AE0FB17EB989F00D1A890 /* AppController.mm */,
				503AE0FC17EB989F00D1A890 /* main.m */,
				503AE0FD17EB989F00D1A890 /* Prefix.pch */,
				503AE0FE17EB989F00D1A890 /* RootViewController.h */,
				503AE0FF17EB989F00D1A890 /* RootViewController.mm */,
			);
			name = ios;
			path = Classes;
			sourceTree = "<group>";
		};
		15AA9C4015B7EC450033D6C2 /* Classes */ = {
			isa = PBXGroup;
			children = (
				89BC21A418FEC18A00C0ED51 /* PRKit */,
				89BC219F18FEBEF000C0ED51 /* PRKitDemo */,
				89BC216218FCF38900C0ED51 /* HitMe */,
				8947CA5A18F819E80007847E /* SimplePlatformer */,
				8947CA4D18F6CE0B0007847E /* QueryDemo */,
				89CC24F918EE9ED200EDEFB8 /* JointsDemo */,
				8947C9FE18F2A08A0007847E /* ColorMatch */,
				89CC24F718EE9ED200EDEFB8 /* IntroScene.cpp */,
				89CC24F818EE9ED200EDEFB8 /* IntroScene.h */,
				89CC24FE18EE9ED200EDEFB8 /* RollingBall.cpp */,
				89CC24FF18EE9ED200EDEFB8 /* RollingBall.h */,
				89CC250018EE9ED200EDEFB8 /* VisibleRect.cpp */,
				89CC250118EE9ED200EDEFB8 /* VisibleRect.h */,
				89CC24E918EE9ECA00EDEFB8 /* BaseDemo.cpp */,
				89CC24EA18EE9ECA00EDEFB8 /* BaseDemo.h */,
				89CC24EB18EE9ECA00EDEFB8 /* ContactFilterScene.cpp */,
				89CC24EC18EE9ECA00EDEFB8 /* ContactFilterScene.h */,
				89CC24ED18EE9ECA00EDEFB8 /* ContentLayer.cpp */,
				89CC24EE18EE9ECA00EDEFB8 /* ContentLayer.h */,
				1AFAF8B316D35DE700DB1158 /* AppDelegate.cpp */,
				1AFAF8B416D35DE700DB1158 /* AppDelegate.h */,
				1AFAF8B516D35DE700DB1158 /* HelloWorldScene.cpp */,
				1AFAF8B616D35DE700DB1158 /* HelloWorldScene.h */,
			);
			name = Classes;
			path = ../classes;
			sourceTree = "<group>";
		};
		19C28FACFE9D520D11CA2CBB /* Products */ = {
			isa = PBXGroup;
			children = (
				1D6058910D05DD3D006BFB54 /* RockChipmunk2D iOS.app */,
				5087E76F17EB910900C73F5D /* RockChipmunk2D Mac.app */,
			);
			name = Products;
			sourceTree = "<group>";
		};
		1AC6FAE6180E9839004C840B /* Products */ = {
			isa = PBXGroup;
			children = (
				1AC6FAF9180E9839004C840B /* libcocos2dx Mac.a */,
				1AC6FAFB180E9839004C840B /* libcocos2dx-extensions Mac.a */,
				1AC6FAFD180E9839004C840B /* libchipmunk Mac.a */,
				1AC6FAFF180E9839004C840B /* libbox2d Mac.a */,
				1AC6FB01180E9839004C840B /* libCocosDenshion Mac.a */,
				1AC6FB07180E9839004C840B /* libcocos2dx iOS.a */,
				1AC6FB09180E9839004C840B /* libcocos2dx-extensions iOS.a */,
				1AC6FB0B180E9839004C840B /* libchipmunk iOS.a */,
				1AC6FB0D180E9839004C840B /* libbox2d iOS.a */,
				1AC6FB0F180E9839004C840B /* libCocosDenshion iOS.a */,
			);
			name = Products;
			sourceTree = "<group>";
		};
		29B97314FDCFA39411CA2CEA /* CustomTemplate */ = {
			isa = PBXGroup;
			children = (
				1AC6FAE5180E9839004C840B /* cocos2d_libs.xcodeproj */,
				15AA9C4015B7EC450033D6C2 /* Classes */,
				29B97323FDCFA39411CA2CEA /* Frameworks */,
				080E96DDFE201D6D7F000001 /* ios */,
				503AE10617EB990700D1A890 /* mac */,
				19C28FACFE9D520D11CA2CBB /* Products */,
				78C7DDAA14EBA5050085D0C2 /* Resources */,
			);
			name = CustomTemplate;
			sourceTree = "<group>";
		};
		29B97323FDCFA39411CA2CEA /* Frameworks */ = {
			isa = PBXGroup;
			children = (
				D6B0611A1803AB670077942B /* CoreMotion.framework */,
				503AE11A17EB9C5A00D1A890 /* IOKit.framework */,
				503AE11117EB99EE00D1A890 /* libcurl.dylib */,
				5087E78A17EB975400C73F5D /* OpenGL.framework */,
				5087E78817EB974C00C73F5D /* AppKit.framework */,
				1ACB3243164770DE00914215 /* libcurl.a */,
				BF170DB412928DE900B8313A /* libz.dylib */,
				D44C620F132DFF4E0009C878 /* AudioToolbox.framework */,
				D44C620D132DFF430009C878 /* AVFoundation.framework */,
				288765A40DF7441C002DB57D /* CoreGraphics.framework */,
				1D30AB110D05D00D00671497 /* Foundation.framework */,
				D44C620B132DFF330009C878 /* OpenAL.framework */,
				BF170DB012928DE900B8313A /* OpenGLES.framework */,
				BF1C47EA1293683800B63C5D /* QuartzCore.framework */,
				1DF5F4DF0D08C38300B7A737 /* UIKit.framework */,
			);
			name = Frameworks;
			sourceTree = "<group>";
		};
		503AE0F517EB97AB00D1A890 /* Icons */ = {
			isa = PBXGroup;
			children = (
				503AE0F617EB97AB00D1A890 /* Icon.icns */,
				503AE0F717EB97AB00D1A890 /* Info.plist */,
			);
			name = Icons;
			path = mac;
			sourceTree = SOURCE_ROOT;
		};
		503AE10617EB990700D1A890 /* mac */ = {
			isa = PBXGroup;
			children = (
				503AE0F517EB97AB00D1A890 /* Icons */,
				503AE10317EB98FF00D1A890 /* main.cpp */,
				503AE10417EB98FF00D1A890 /* Prefix.pch */,
			);
			name = mac;
			sourceTree = "<group>";
		};
		5087E77117EB970100C73F5D /* Icons */ = {
			isa = PBXGroup;
			children = (
				5087E77217EB970100C73F5D /* Default-568h@2x.png */,
				5087E77317EB970100C73F5D /* Default.png */,
				5087E77417EB970100C73F5D /* Default@2x.png */,
				50EF62A017ECD613001EB2F8 /* Icon-29.png */,
				50EF62A117ECD613001EB2F8 /* Icon-50.png */,
				50EF629217ECD46A001EB2F8 /* Icon-40.png */,
				50EF629317ECD46A001EB2F8 /* Icon-58.png */,
				50EF629417ECD46A001EB2F8 /* Icon-80.png */,
				50EF629517ECD46A001EB2F8 /* Icon-100.png */,
				5087E77517EB970100C73F5D /* Icon-114.png */,
				5087E77617EB970100C73F5D /* Icon-120.png */,
				5087E77717EB970100C73F5D /* Icon-144.png */,
				5087E77817EB970100C73F5D /* Icon-152.png */,
				5087E77917EB970100C73F5D /* Icon-57.png */,
				5087E77A17EB970100C73F5D /* Icon-72.png */,
				5087E77B17EB970100C73F5D /* Icon-76.png */,
				5087E77C17EB970100C73F5D /* Info.plist */,
			);
			name = Icons;
			path = ios;
			sourceTree = SOURCE_ROOT;
		};
		78C7DDAA14EBA5050085D0C2 /* Resources */ = {
			isa = PBXGroup;
			children = (
				89BC21B218FED47800C0ED51 /* PRKitDemo */,
				89BC216918FCF52000C0ED51 /* HitMe */,
				8947CA5318F819A10007847E /* SimplePlatformer */,
				8947CA0518F2A2020007847E /* ColorMatch */,
				89CC250D18EE9EDE00EDEFB8 /* fonts */,
				89CC253118EE9EE700EDEFB8 /* backNormal.png */,
				89CC253218EE9EE700EDEFB8 /* backSelected.png */,
				89CC253318EE9EE700EDEFB8 /* ball.png */,
				89CC253418EE9EE700EDEFB8 /* cai1.as */,
				89CC253518EE9EE700EDEFB8 /* cai1.lua */,
				89CC253618EE9EE700EDEFB8 /* cai1.plist */,
				89CC253718EE9EE700EDEFB8 /* cai1.png */,
				89CC253818EE9EE700EDEFB8 /* cai2.png */,
				89CC253918EE9EE700EDEFB8 /* ChipmunkCN_logo_200x200.png */,
				89CC253A18EE9EE700EDEFB8 /* chipmunkLogo.png */,
				89CC250C18EE9EDE00EDEFB8 /* egg.png */,
				89CC250F18EE9EDE00EDEFB8 /* goNormal.png */,
				89CC251018EE9EDE00EDEFB8 /* goSelected.png */,
				89CC251118EE9EDE00EDEFB8 /* refreshNormal.png */,
				89CC251218EE9EDE00EDEFB8 /* refreshSelected.png */,
				89CC251318EE9EDE00EDEFB8 /* scrollItemBgNormal.png */,
				89CC251418EE9EDE00EDEFB8 /* scrollItemBgSelected.png */,
				89CC251518EE9EDE00EDEFB8 /* steroidtocat.png */,
				89CC251618EE9EDE00EDEFB8 /* tabletop-battles.mp3 */,
				89CC251718EE9EDE00EDEFB8 /* YellowSquare.png */,
				89CC251818EE9EDE00EDEFB8 /* YellowTriangle.png */,
				1AFAF8B916D35E4900DB1158 /* CloseNormal.png */,
				1AFAF8BA16D35E4900DB1158 /* CloseSelected.png */,
				1AFAF8BB16D35E4900DB1158 /* HelloWorld.png */,
			);
			name = Resources;
			path = ../Resources;
			sourceTree = "<group>";
		};
		8947C9FE18F2A08A0007847E /* ColorMatch */ = {
			isa = PBXGroup;
			children = (
				8947CA0118F2A0B30007847E /* ColorMatchScene.cpp */,
				8947CA0218F2A0B30007847E /* ColorMatchScene.h */,
				8947CA2718F2BE320007847E /* Ball.cpp */,
				8947CA2818F2BE320007847E /* Ball.h */,
			);
			name = ColorMatch;
			path = ../Classes/ColorMatch;
			sourceTree = "<group>";
		};
		8947CA0518F2A2020007847E /* ColorMatch */ = {
			isa = PBXGroup;
			children = (
				8947CA0618F2A2020007847E /* ball_0.png */,
				8947CA0718F2A2020007847E /* ball_1.png */,
				8947CA0818F2A2020007847E /* ball_2.png */,
				8947CA0918F2A2020007847E /* ball_3.png */,
				8947CA0A18F2A2020007847E /* ball_4.png */,
				8947CA0B18F2A2020007847E /* ball_5.png */,
				8947CA0C18F2A2020007847E /* bg.png */,
				8947CA0D18F2A2020007847E /* ploop.wav */,
				8947CA0E18F2A2020007847E /* pop.plist */,
				8947CA0F18F2A2020007847E /* pop.wav */,
				8947CA1018F2A2020007847E /* thump.wav */,
			);
			path = ColorMatch;
			sourceTree = "<group>";
		};
		8947CA4D18F6CE0B0007847E /* QueryDemo */ = {
			isa = PBXGroup;
			children = (
				893313EF18FAB14200EA877C /* PointQueryScene.cpp */,
				893313F018FAB14200EA877C /* PointQueryScene.h */,
			);
			name = QueryDemo;
			path = ../Classes/QueryDemo;
			sourceTree = "<group>";
		};
		8947CA5318F819A10007847E /* SimplePlatformer */ = {
			isa = PBXGroup;
			children = (
				8947CA5418F819A10007847E /* blocks.png */,
				8947CA5518F819A10007847E /* scroller.tmx */,
			);
			path = SimplePlatformer;
			sourceTree = "<group>";
		};
		8947CA5A18F819E80007847E /* SimplePlatformer */ = {
			isa = PBXGroup;
			children = (
				8947CA5E18F819E80007847E /* SimplePlatformerScene.cpp */,
				8947CA5F18F819E80007847E /* SimplePlatformerScene.h */,
				8947CA6018F819E80007847E /* Player.cpp */,
				8947CA6118F819E80007847E /* Player.h */,
			);
			name = SimplePlatformer;
			path = ../Classes/SimplePlatformer;
			sourceTree = "<group>";
		};
		89BC216218FCF38900C0ED51 /* HitMe */ = {
			isa = PBXGroup;
			children = (
				89BC216518FCF39D00C0ED51 /* HitMeScene.cpp */,
				89BC216618FCF39D00C0ED51 /* HitMeScene.h */,
			);
			name = HitMe;
			path = ../Classes/HitMe;
			sourceTree = "<group>";
		};
		89BC216918FCF52000C0ED51 /* HitMe */ = {
			isa = PBXGroup;
			children = (
				89BC216A18FCF52000C0ED51 /* hit_me.png */,
			);
			path = HitMe;
			sourceTree = "<group>";
		};
		89BC219F18FEBEF000C0ED51 /* PRKitDemo */ = {
			isa = PBXGroup;
			children = (
				89BC21B818FED80B00C0ED51 /* PRKitDemoScene.cpp */,
				89BC21B918FED80B00C0ED51 /* PRKitDemoScene.h */,
			);
			name = PRKitDemo;
			sourceTree = "<group>";
		};
		89BC21A418FEC18A00C0ED51 /* PRKit */ = {
			isa = PBXGroup;
			children = (
				89BC21A518FEC18A00C0ED51 /* PRFilledPolygon.cpp */,
				89BC21A618FEC18A00C0ED51 /* PRFilledPolygon.h */,
				89BC21A718FEC18A00C0ED51 /* PRRatcliffTriangulator.cpp */,
				89BC21A818FEC18A00C0ED51 /* PRRatcliffTriangulator.h */,
				89BC21A918FEC18A00C0ED51 /* triangulate.cpp */,
				89BC21AA18FEC18A00C0ED51 /* triangulate.h */,
			);
			path = PRKit;
			sourceTree = "<group>";
		};
		89BC21B218FED47800C0ED51 /* PRKitDemo */ = {
			isa = PBXGroup;
			children = (
				89BC21B318FED47800C0ED51 /* pattern1.png */,
			);
			path = PRKitDemo;
			sourceTree = "<group>";
		};
		89CC24F918EE9ED200EDEFB8 /* JointsDemo */ = {
			isa = PBXGroup;
			children = (
				89CC24FA18EE9ED200EDEFB8 /* PinJointScene.cpp */,
				89CC24FB18EE9ED200EDEFB8 /* PinJointScene.h */,
				89CC24FC18EE9ED200EDEFB8 /* SlideJointScene.cpp */,
				89CC24FD18EE9ED200EDEFB8 /* SlideJointScene.h */,
			);
			name = JointsDemo;
			path = ../Classes/JointsDemo;
			sourceTree = "<group>";
		};
		89CC250D18EE9EDE00EDEFB8 /* fonts */ = {
			isa = PBXGroup;
			children = (
				89CC250E18EE9EDE00EDEFB8 /* Marker Felt.ttf */,
			);
			path = fonts;
			sourceTree = "<group>";
		};
/* End PBXGroup section */

/* Begin PBXNativeTarget section */
		1D6058900D05DD3D006BFB54 /* RockChipmunk2D iOS */ = {
			isa = PBXNativeTarget;
			buildConfigurationList = 1D6058960D05DD3E006BFB54 /* Build configuration list for PBXNativeTarget "RockChipmunk2D iOS" */;
			buildPhases = (
				1D60588D0D05DD3D006BFB54 /* Resources */,
				1D60588E0D05DD3D006BFB54 /* Sources */,
				1D60588F0D05DD3D006BFB54 /* Frameworks */,
			);
			buildRules = (
			);
			dependencies = (
				1AC6FB25180E99E1004C840B /* PBXTargetDependency */,
				1AC6FB27180E99E1004C840B /* PBXTargetDependency */,
				1AC6FB29180E99E1004C840B /* PBXTargetDependency */,
				1AC6FB2B180E99E1004C840B /* PBXTargetDependency */,
				1AC6FB2D180E99E1004C840B /* PBXTargetDependency */,
			);
			name = "RockChipmunk2D iOS";
			productName = iphone;
			productReference = 1D6058910D05DD3D006BFB54 /* RockChipmunk2D iOS.app */;
			productType = "com.apple.product-type.application";
		};
		5087E73D17EB910900C73F5D /* RockChipmunk2D Mac */ = {
			isa = PBXNativeTarget;
			buildConfigurationList = 5087E76C17EB910900C73F5D /* Build configuration list for PBXNativeTarget "RockChipmunk2D Mac" */;
			buildPhases = (
				5087E74817EB910900C73F5D /* Resources */,
				5087E75617EB910900C73F5D /* Sources */,
				5087E75C17EB910900C73F5D /* Frameworks */,
			);
			buildRules = (
			);
			dependencies = (
				1AC6FB1E180E9963004C840B /* PBXTargetDependency */,
				1AC6FB16180E9959004C840B /* PBXTargetDependency */,
				1AC6FB18180E9959004C840B /* PBXTargetDependency */,
				1AC6FB1A180E9959004C840B /* PBXTargetDependency */,
				1AC6FB1C180E9959004C840B /* PBXTargetDependency */,
			);
			name = "RockChipmunk2D Mac";
			productName = iphone;
			productReference = 5087E76F17EB910900C73F5D /* RockChipmunk2D Mac.app */;
			productType = "com.apple.product-type.application";
		};
/* End PBXNativeTarget section */

/* Begin PBXProject section */
		29B97313FDCFA39411CA2CEA /* Project object */ = {
			isa = PBXProject;
			attributes = {
				LastUpgradeCheck = 0500;
				TargetAttributes = {
					1D6058900D05DD3D006BFB54 = {
						DevelopmentTeam = MDDB52YB8L;
					};
				};
			};
			buildConfigurationList = C01FCF4E08A954540054247B /* Build configuration list for PBXProject "RockChipmunk2D" */;
			compatibilityVersion = "Xcode 3.2";
			developmentRegion = English;
			hasScannedForEncodings = 1;
			knownRegions = (
				English,
				Japanese,
				French,
				German,
			);
			mainGroup = 29B97314FDCFA39411CA2CEA /* CustomTemplate */;
			projectDirPath = "";
			projectReferences = (
				{
					ProductGroup = 1AC6FAE6180E9839004C840B /* Products */;
					ProjectRef = 1AC6FAE5180E9839004C840B /* cocos2d_libs.xcodeproj */;
				},
			);
			projectRoot = "";
			targets = (
				1D6058900D05DD3D006BFB54 /* RockChipmunk2D iOS */,
				5087E73D17EB910900C73F5D /* RockChipmunk2D Mac */,
			);
		};
/* End PBXProject section */

/* Begin PBXReferenceProxy section */
		1AC6FAF9180E9839004C840B /* libcocos2dx Mac.a */ = {
			isa = PBXReferenceProxy;
			fileType = archive.ar;
			path = "libcocos2dx Mac.a";
			remoteRef = 1AC6FAF8180E9839004C840B /* PBXContainerItemProxy */;
			sourceTree = BUILT_PRODUCTS_DIR;
		};
		1AC6FAFB180E9839004C840B /* libcocos2dx-extensions Mac.a */ = {
			isa = PBXReferenceProxy;
			fileType = archive.ar;
			path = "libcocos2dx-extensions Mac.a";
			remoteRef = 1AC6FAFA180E9839004C840B /* PBXContainerItemProxy */;
			sourceTree = BUILT_PRODUCTS_DIR;
		};
		1AC6FAFD180E9839004C840B /* libchipmunk Mac.a */ = {
			isa = PBXReferenceProxy;
			fileType = archive.ar;
			path = "libchipmunk Mac.a";
			remoteRef = 1AC6FAFC180E9839004C840B /* PBXContainerItemProxy */;
			sourceTree = BUILT_PRODUCTS_DIR;
		};
		1AC6FAFF180E9839004C840B /* libbox2d Mac.a */ = {
			isa = PBXReferenceProxy;
			fileType = archive.ar;
			path = "libbox2d Mac.a";
			remoteRef = 1AC6FAFE180E9839004C840B /* PBXContainerItemProxy */;
			sourceTree = BUILT_PRODUCTS_DIR;
		};
		1AC6FB01180E9839004C840B /* libCocosDenshion Mac.a */ = {
			isa = PBXReferenceProxy;
			fileType = archive.ar;
			path = "libCocosDenshion Mac.a";
			remoteRef = 1AC6FB00180E9839004C840B /* PBXContainerItemProxy */;
			sourceTree = BUILT_PRODUCTS_DIR;
		};
		1AC6FB07180E9839004C840B /* libcocos2dx iOS.a */ = {
			isa = PBXReferenceProxy;
			fileType = archive.ar;
			path = "libcocos2dx iOS.a";
			remoteRef = 1AC6FB06180E9839004C840B /* PBXContainerItemProxy */;
			sourceTree = BUILT_PRODUCTS_DIR;
		};
		1AC6FB09180E9839004C840B /* libcocos2dx-extensions iOS.a */ = {
			isa = PBXReferenceProxy;
			fileType = archive.ar;
			path = "libcocos2dx-extensions iOS.a";
			remoteRef = 1AC6FB08180E9839004C840B /* PBXContainerItemProxy */;
			sourceTree = BUILT_PRODUCTS_DIR;
		};
		1AC6FB0B180E9839004C840B /* libchipmunk iOS.a */ = {
			isa = PBXReferenceProxy;
			fileType = archive.ar;
			path = "libchipmunk iOS.a";
			remoteRef = 1AC6FB0A180E9839004C840B /* PBXContainerItemProxy */;
			sourceTree = BUILT_PRODUCTS_DIR;
		};
		1AC6FB0D180E9839004C840B /* libbox2d iOS.a */ = {
			isa = PBXReferenceProxy;
			fileType = archive.ar;
			path = "libbox2d iOS.a";
			remoteRef = 1AC6FB0C180E9839004C840B /* PBXContainerItemProxy */;
			sourceTree = BUILT_PRODUCTS_DIR;
		};
		1AC6FB0F180E9839004C840B /* libCocosDenshion iOS.a */ = {
			isa = PBXReferenceProxy;
			fileType = archive.ar;
			path = "libCocosDenshion iOS.a";
			remoteRef = 1AC6FB0E180E9839004C840B /* PBXContainerItemProxy */;
			sourceTree = BUILT_PRODUCTS_DIR;
		};
/* End PBXReferenceProxy section */

/* Begin PBXResourcesBuildPhase section */
		1D60588D0D05DD3D006BFB54 /* Resources */ = {
			isa = PBXResourcesBuildPhase;
			buildActionMask = 2147483647;
			files = (
				89CC252918EE9EDE00EDEFB8 /* steroidtocat.png in Resources */,
				5087E78117EB970100C73F5D /* Icon-120.png in Resources */,
				8947CA1D18F2A2020007847E /* bg.png in Resources */,
				89CC254D18EE9EE700EDEFB8 /* chipmunkLogo.png in Resources */,
				89CC252718EE9EDE00EDEFB8 /* scrollItemBgSelected.png in Resources */,
				89CC252B18EE9EDE00EDEFB8 /* tabletop-battles.mp3 in Resources */,
				5087E78617EB970100C73F5D /* Icon-76.png in Resources */,
				5087E77F17EB970100C73F5D /* Default@2x.png in Resources */,
				89CC252F18EE9EDE00EDEFB8 /* YellowTriangle.png in Resources */,
				50EF629917ECD46A001EB2F8 /* Icon-100.png in Resources */,
				89CC252118EE9EDE00EDEFB8 /* refreshNormal.png in Resources */,
				1AFAF8BC16D35E4900DB1158 /* CloseNormal.png in Resources */,
				5087E78317EB970100C73F5D /* Icon-152.png in Resources */,
				5087E77D17EB970100C73F5D /* Default-568h@2x.png in Resources */,
				5087E78517EB970100C73F5D /* Icon-72.png in Resources */,
				1AFAF8BD16D35E4900DB1158 /* CloseSelected.png in Resources */,
				50EF62A317ECD613001EB2F8 /* Icon-50.png in Resources */,
				89CC254118EE9EE700EDEFB8 /* cai1.as in Resources */,
				89CC253D18EE9EE700EDEFB8 /* backSelected.png in Resources */,
				89CC254518EE9EE700EDEFB8 /* cai1.plist in Resources */,
				8947CA1918F2A2020007847E /* ball_4.png in Resources */,
				89CC251D18EE9EDE00EDEFB8 /* goNormal.png in Resources */,
				89BC21B418FED47800C0ED51 /* pattern1.png in Resources */,
				5087E78017EB970100C73F5D /* Icon-114.png in Resources */,
				1AFAF8BE16D35E4900DB1158 /* HelloWorld.png in Resources */,
				50EF62A217ECD613001EB2F8 /* Icon-29.png in Resources */,
				89CC251918EE9EDE00EDEFB8 /* egg.png in Resources */,
				8947CA1718F2A2020007847E /* ball_3.png in Resources */,
				8947CA1F18F2A2020007847E /* ploop.wav in Resources */,
				8947CA2118F2A2020007847E /* pop.plist in Resources */,
				50EF629617ECD46A001EB2F8 /* Icon-40.png in Resources */,
				89CC251F18EE9EDE00EDEFB8 /* goSelected.png in Resources */,
				8947CA1B18F2A2020007847E /* ball_5.png in Resources */,
				89CC254B18EE9EE700EDEFB8 /* ChipmunkCN_logo_200x200.png in Resources */,
				8947CA1118F2A2020007847E /* ball_0.png in Resources */,
				8947CA5618F819A10007847E /* blocks.png in Resources */,
				5087E78217EB970100C73F5D /* Icon-144.png in Resources */,
				8947CA1318F2A2020007847E /* ball_1.png in Resources */,
				8947CA2318F2A2020007847E /* pop.wav in Resources */,
				89CC251B18EE9EDE00EDEFB8 /* Marker Felt.ttf in Resources */,
				50EF629817ECD46A001EB2F8 /* Icon-80.png in Resources */,
				8947CA2518F2A2020007847E /* thump.wav in Resources */,
				5087E78417EB970100C73F5D /* Icon-57.png in Resources */,
				89CC254918EE9EE700EDEFB8 /* cai2.png in Resources */,
				5087E77E17EB970100C73F5D /* Default.png in Resources */,
				89CC253F18EE9EE700EDEFB8 /* ball.png in Resources */,
				89CC254718EE9EE700EDEFB8 /* cai1.png in Resources */,
				89BC216B18FCF52000C0ED51 /* hit_me.png in Resources */,
				89CC253B18EE9EE700EDEFB8 /* backNormal.png in Resources */,
				89CC252518EE9EDE00EDEFB8 /* scrollItemBgNormal.png in Resources */,
				50EF629717ECD46A001EB2F8 /* Icon-58.png in Resources */,
				89CC252D18EE9EDE00EDEFB8 /* YellowSquare.png in Resources */,
				8947CA1518F2A2020007847E /* ball_2.png in Resources */,
				8947CA5818F819A10007847E /* scroller.tmx in Resources */,
				89CC254318EE9EE700EDEFB8 /* cai1.lua in Resources */,
				89CC252318EE9EDE00EDEFB8 /* refreshSelected.png in Resources */,
			);
			runOnlyForDeploymentPostprocessing = 0;
		};
		5087E74817EB910900C73F5D /* Resources */ = {
			isa = PBXResourcesBuildPhase;
			buildActionMask = 2147483647;
			files = (
				8947CA5918F819A10007847E /* scroller.tmx in Resources */,
				8947CA1218F2A2020007847E /* ball_0.png in Resources */,
				89CC252018EE9EDE00EDEFB8 /* goSelected.png in Resources */,
				89BC21B518FED47800C0ED51 /* pattern1.png in Resources */,
				8947CA1618F2A2020007847E /* ball_2.png in Resources */,
				8947CA2218F2A2020007847E /* pop.plist in Resources */,
				89CC252C18EE9EDE00EDEFB8 /* tabletop-battles.mp3 in Resources */,
				89CC254A18EE9EE700EDEFB8 /* cai2.png in Resources */,
				89CC252618EE9EDE00EDEFB8 /* scrollItemBgNormal.png in Resources */,
				89CC253E18EE9EE700EDEFB8 /* backSelected.png in Resources */,
				89CC254C18EE9EE700EDEFB8 /* ChipmunkCN_logo_200x200.png in Resources */,
				5087E75317EB910900C73F5D /* CloseNormal.png in Resources */,
				89CC251E18EE9EDE00EDEFB8 /* goNormal.png in Resources */,
				8947CA5718F819A10007847E /* blocks.png in Resources */,
				503AE0F817EB97AB00D1A890 /* Icon.icns in Resources */,
				89CC252418EE9EDE00EDEFB8 /* refreshSelected.png in Resources */,
				8947CA1C18F2A2020007847E /* ball_5.png in Resources */,
				89CC254618EE9EE700EDEFB8 /* cai1.plist in Resources */,
				8947CA1418F2A2020007847E /* ball_1.png in Resources */,
				89CC254E18EE9EE700EDEFB8 /* chipmunkLogo.png in Resources */,
				89CC253018EE9EDE00EDEFB8 /* YellowTriangle.png in Resources */,
				8947CA2418F2A2020007847E /* pop.wav in Resources */,
				89CC252A18EE9EDE00EDEFB8 /* steroidtocat.png in Resources */,
				5087E75417EB910900C73F5D /* CloseSelected.png in Resources */,
				8947CA2018F2A2020007847E /* ploop.wav in Resources */,
				89CC252818EE9EDE00EDEFB8 /* scrollItemBgSelected.png in Resources */,
				8947CA1E18F2A2020007847E /* bg.png in Resources */,
				89CC254018EE9EE700EDEFB8 /* ball.png in Resources */,
				89CC251A18EE9EDE00EDEFB8 /* egg.png in Resources */,
				89CC251C18EE9EDE00EDEFB8 /* Marker Felt.ttf in Resources */,
				8947CA1A18F2A2020007847E /* ball_4.png in Resources */,
				89CC254218EE9EE700EDEFB8 /* cai1.as in Resources */,
				89CC254818EE9EE700EDEFB8 /* cai1.png in Resources */,
				8947CA1818F2A2020007847E /* ball_3.png in Resources */,
				89CC254418EE9EE700EDEFB8 /* cai1.lua in Resources */,
				89CC253C18EE9EE700EDEFB8 /* backNormal.png in Resources */,
				89CC252218EE9EDE00EDEFB8 /* refreshNormal.png in Resources */,
				89BC216C18FCF52000C0ED51 /* hit_me.png in Resources */,
				89CC252E18EE9EDE00EDEFB8 /* YellowSquare.png in Resources */,
				5087E75517EB910900C73F5D /* HelloWorld.png in Resources */,
				8947CA2618F2A2020007847E /* thump.wav in Resources */,
			);
			runOnlyForDeploymentPostprocessing = 0;
		};
/* End PBXResourcesBuildPhase section */

/* Begin PBXSourcesBuildPhase section */
		1D60588E0D05DD3D006BFB54 /* Sources */ = {
			isa = PBXSourcesBuildPhase;
			buildActionMask = 2147483647;
			files = (
				89CC250218EE9ED200EDEFB8 /* IntroScene.cpp in Sources */,
				8947CA6618F819E80007847E /* Player.cpp in Sources */,
				8947CA6418F819E80007847E /* SimplePlatformerScene.cpp in Sources */,
				89CC250418EE9ED200EDEFB8 /* PinJointScene.cpp in Sources */,
				8947CA0318F2A0B30007847E /* ColorMatchScene.cpp in Sources */,
				503AE10017EB989F00D1A890 /* AppController.mm in Sources */,
				89BC21AD18FEC18A00C0ED51 /* PRRatcliffTriangulator.cpp in Sources */,
				89CC250A18EE9ED200EDEFB8 /* VisibleRect.cpp in Sources */,
				89CC250618EE9ED200EDEFB8 /* SlideJointScene.cpp in Sources */,
				89CC24F318EE9ECA00EDEFB8 /* ContentLayer.cpp in Sources */,
				89CC24EF18EE9ECA00EDEFB8 /* BaseDemo.cpp in Sources */,
				89CC24F118EE9ECA00EDEFB8 /* ContactFilterScene.cpp in Sources */,
				8947CA2918F2BE320007847E /* Ball.cpp in Sources */,
				89BC21BA18FED80B00C0ED51 /* PRKitDemoScene.cpp in Sources */,
				89BC216718FCF39D00C0ED51 /* HitMeScene.cpp in Sources */,
				89BC21AF18FEC18A00C0ED51 /* triangulate.cpp in Sources */,
				503AE10217EB989F00D1A890 /* RootViewController.mm in Sources */,
				1AFAF8B716D35DE700DB1158 /* AppDelegate.cpp in Sources */,
				893313F118FAB14200EA877C /* PointQueryScene.cpp in Sources */,
				89BC21AB18FEC18A00C0ED51 /* PRFilledPolygon.cpp in Sources */,
				503AE10117EB989F00D1A890 /* main.m in Sources */,
				89CC250818EE9ED200EDEFB8 /* RollingBall.cpp in Sources */,
				1AFAF8B816D35DE700DB1158 /* HelloWorldScene.cpp in Sources */,
			);
			runOnlyForDeploymentPostprocessing = 0;
		};
		5087E75617EB910900C73F5D /* Sources */ = {
			isa = PBXSourcesBuildPhase;
			buildActionMask = 2147483647;
			files = (
				89CC250918EE9ED200EDEFB8 /* RollingBall.cpp in Sources */,
				5087E75717EB910900C73F5D /* AppDelegate.cpp in Sources */,
				893313F218FAB14200EA877C /* PointQueryScene.cpp in Sources */,
				89BC21B018FEC18A00C0ED51 /* triangulate.cpp in Sources */,
				89CC250318EE9ED200EDEFB8 /* IntroScene.cpp in Sources */,
				89CC24F018EE9ECA00EDEFB8 /* BaseDemo.cpp in Sources */,
				89BC216818FCF39D00C0ED51 /* HitMeScene.cpp in Sources */,
				89BC21BB18FED80B00C0ED51 /* PRKitDemoScene.cpp in Sources */,
				89BC21AC18FEC18A00C0ED51 /* PRFilledPolygon.cpp in Sources */,
				8947CA2A18F2BE320007847E /* Ball.cpp in Sources */,
				89CC250518EE9ED200EDEFB8 /* PinJointScene.cpp in Sources */,
				5087E75817EB910900C73F5D /* HelloWorldScene.cpp in Sources */,
				8947CA6718F819E80007847E /* Player.cpp in Sources */,
				89BC21AE18FEC18A00C0ED51 /* PRRatcliffTriangulator.cpp in Sources */,
				89CC24F418EE9ECA00EDEFB8 /* ContentLayer.cpp in Sources */,
				89CC24F218EE9ECA00EDEFB8 /* ContactFilterScene.cpp in Sources */,
				8947CA6518F819E80007847E /* SimplePlatformerScene.cpp in Sources */,
				89CC250B18EE9ED200EDEFB8 /* VisibleRect.cpp in Sources */,
				503AE10517EB98FF00D1A890 /* main.cpp in Sources */,
				8947CA0418F2A0B30007847E /* ColorMatchScene.cpp in Sources */,
				89CC250718EE9ED200EDEFB8 /* SlideJointScene.cpp in Sources */,
			);
			runOnlyForDeploymentPostprocessing = 0;
		};
/* End PBXSourcesBuildPhase section */

/* Begin PBXTargetDependency section */
		1AC6FB16180E9959004C840B /* PBXTargetDependency */ = {
			isa = PBXTargetDependency;
			name = "cocos2dx Mac";
			targetProxy = 1AC6FB15180E9959004C840B /* PBXContainerItemProxy */;
		};
		1AC6FB18180E9959004C840B /* PBXTargetDependency */ = {
			isa = PBXTargetDependency;
			name = "cocos2dx-extensions Mac";
			targetProxy = 1AC6FB17180E9959004C840B /* PBXContainerItemProxy */;
		};
		1AC6FB1A180E9959004C840B /* PBXTargetDependency */ = {
			isa = PBXTargetDependency;
			name = "chipmunk Mac";
			targetProxy = 1AC6FB19180E9959004C840B /* PBXContainerItemProxy */;
		};
		1AC6FB1C180E9959004C840B /* PBXTargetDependency */ = {
			isa = PBXTargetDependency;
			name = "CocosDenshion Mac";
			targetProxy = 1AC6FB1B180E9959004C840B /* PBXContainerItemProxy */;
		};
		1AC6FB1E180E9963004C840B /* PBXTargetDependency */ = {
			isa = PBXTargetDependency;
			name = "box2d Mac";
			targetProxy = 1AC6FB1D180E9963004C840B /* PBXContainerItemProxy */;
		};
		1AC6FB25180E99E1004C840B /* PBXTargetDependency */ = {
			isa = PBXTargetDependency;
			name = "cocos2dx iOS";
			targetProxy = 1AC6FB24180E99E1004C840B /* PBXContainerItemProxy */;
		};
		1AC6FB27180E99E1004C840B /* PBXTargetDependency */ = {
			isa = PBXTargetDependency;
			name = "cocos2dx-extensions iOS";
			targetProxy = 1AC6FB26180E99E1004C840B /* PBXContainerItemProxy */;
		};
		1AC6FB29180E99E1004C840B /* PBXTargetDependency */ = {
			isa = PBXTargetDependency;
			name = "chipmunk iOS";
			targetProxy = 1AC6FB28180E99E1004C840B /* PBXContainerItemProxy */;
		};
		1AC6FB2B180E99E1004C840B /* PBXTargetDependency */ = {
			isa = PBXTargetDependency;
			name = "box2d iOS";
			targetProxy = 1AC6FB2A180E99E1004C840B /* PBXContainerItemProxy */;
		};
		1AC6FB2D180E99E1004C840B /* PBXTargetDependency */ = {
			isa = PBXTargetDependency;
			name = "CocosDenshion iOS";
			targetProxy = 1AC6FB2C180E99E1004C840B /* PBXContainerItemProxy */;
		};
/* End PBXTargetDependency section */

/* Begin XCBuildConfiguration section */
		1D6058940D05DD3E006BFB54 /* Debug */ = {
			isa = XCBuildConfiguration;
			buildSettings = {
				ALWAYS_SEARCH_USER_PATHS = YES;
				CODE_SIGN_IDENTITY = "iPhone Developer";
				COMPRESS_PNG_FILES = NO;
				GCC_DYNAMIC_NO_PIC = NO;
				GCC_INLINES_ARE_PRIVATE_EXTERN = NO;
				GCC_PRECOMPILE_PREFIX_HEADER = YES;
				GCC_PREFIX_HEADER = ios/Prefix.pch;
				GCC_PREPROCESSOR_DEFINITIONS = (
					USE_FILE32API,
					CC_TARGET_OS_IPHONE,
					"COCOS2D_DEBUG=1",
					"CC_ENABLE_CHIPMUNK_INTEGRATION=1",
				);
				GCC_SYMBOLS_PRIVATE_EXTERN = NO;
				HEADER_SEARCH_PATHS = (
					"$(inherited)",
					"$(SRCROOT)/../cocos2d/cocos/2d/platform/ios",
					"$(SRCROOT)/../cocos2d/cocos/2d/platform/ios/Simulation",
				);
				INFOPLIST_FILE = ios/Info.plist;
				IPHONEOS_DEPLOYMENT_TARGET = 5.0;
				LIBRARY_SEARCH_PATHS = "";
				SDKROOT = iphoneos;
				TARGETED_DEVICE_FAMILY = "1,2";
				USER_HEADER_SEARCH_PATHS = "";
			};
			name = Debug;
		};
		1D6058950D05DD3E006BFB54 /* Release */ = {
			isa = XCBuildConfiguration;
			buildSettings = {
				ALWAYS_SEARCH_USER_PATHS = YES;
				CODE_SIGN_IDENTITY = "iPhone Developer";
				COMPRESS_PNG_FILES = NO;
				GCC_INLINES_ARE_PRIVATE_EXTERN = NO;
				GCC_PRECOMPILE_PREFIX_HEADER = YES;
				GCC_PREFIX_HEADER = ios/Prefix.pch;
				GCC_PREPROCESSOR_DEFINITIONS = (
					USE_FILE32API,
					CC_TARGET_OS_IPHONE,
					"CC_ENABLE_CHIPMUNK_INTEGRATION=1",
				);
				GCC_SYMBOLS_PRIVATE_EXTERN = NO;
				HEADER_SEARCH_PATHS = (
					"$(inherited)",
					"$(SRCROOT)/../cocos2d/cocos/2d/platform/ios",
					"$(SRCROOT)/../cocos2d/cocos/2d/platform/ios/Simulation",
				);
				INFOPLIST_FILE = ios/Info.plist;
				IPHONEOS_DEPLOYMENT_TARGET = 5.0;
				LIBRARY_SEARCH_PATHS = "";
				SDKROOT = iphoneos;
				TARGETED_DEVICE_FAMILY = "1,2";
				USER_HEADER_SEARCH_PATHS = "";
			};
			name = Release;
		};
		5087E76D17EB910900C73F5D /* Debug */ = {
			isa = XCBuildConfiguration;
			buildSettings = {
				ALWAYS_SEARCH_USER_PATHS = YES;
				ARCHS = "$(ARCHS_STANDARD_64_BIT)";
				CLANG_CXX_LANGUAGE_STANDARD = "gnu++0x";
				CLANG_CXX_LIBRARY = "libc++";
				GCC_C_LANGUAGE_STANDARD = "compiler-default";
				GCC_DYNAMIC_NO_PIC = NO;
				GCC_INLINES_ARE_PRIVATE_EXTERN = YES;
				GCC_PRECOMPILE_PREFIX_HEADER = YES;
				GCC_PREFIX_HEADER = mac/Prefix.pch;
				GCC_PREPROCESSOR_DEFINITIONS = (
					USE_FILE32API,
					CC_TARGET_OS_MAC,
					"COCOS2D_DEBUG=1",
					"CC_ENABLE_CHIPMUNK_INTEGRATION=1",
				);
				GCC_SYMBOLS_PRIVATE_EXTERN = YES;
				HEADER_SEARCH_PATHS = (
					"$(inherited)",
					"$(SRCROOT)/../cocos2d/cocos/2d/platform/mac",
					"$(SRCROOT)/../cocos2d/external/glfw3/include/mac",
				);
				INFOPLIST_FILE = mac/Info.plist;
				LIBRARY_SEARCH_PATHS = "";
				MACOSX_DEPLOYMENT_TARGET = 10.8;
				USER_HEADER_SEARCH_PATHS = "";
			};
			name = Debug;
		};
		5087E76E17EB910900C73F5D /* Release */ = {
			isa = XCBuildConfiguration;
			buildSettings = {
				ALWAYS_SEARCH_USER_PATHS = YES;
				ARCHS = "$(ARCHS_STANDARD_64_BIT)";
				CLANG_CXX_LANGUAGE_STANDARD = "gnu++0x";
				CLANG_CXX_LIBRARY = "libc++";
				GCC_C_LANGUAGE_STANDARD = "compiler-default";
				GCC_INLINES_ARE_PRIVATE_EXTERN = YES;
				GCC_PRECOMPILE_PREFIX_HEADER = YES;
				GCC_PREFIX_HEADER = mac/Prefix.pch;
				GCC_PREPROCESSOR_DEFINITIONS = (
					USE_FILE32API,
					CC_TARGET_OS_MAC,
					"CC_ENABLE_CHIPMUNK_INTEGRATION=1",
				);
				GCC_SYMBOLS_PRIVATE_EXTERN = YES;
				HEADER_SEARCH_PATHS = (
					"$(inherited)",
					"$(SRCROOT)/../cocos2d/cocos/2d/platform/mac",
					"$(SRCROOT)/../cocos2d/external/glfw3/include/mac",
				);
				INFOPLIST_FILE = mac/Info.plist;
				LIBRARY_SEARCH_PATHS = "";
				MACOSX_DEPLOYMENT_TARGET = 10.8;
				USER_HEADER_SEARCH_PATHS = "";
			};
			name = Release;
		};
		C01FCF4F08A954540054247B /* Debug */ = {
			isa = XCBuildConfiguration;
			buildSettings = {
				CLANG_CXX_LANGUAGE_STANDARD = "c++0x";
				CLANG_CXX_LIBRARY = "libc++";
				COPY_PHASE_STRIP = NO;
				GCC_OPTIMIZATION_LEVEL = 0;
				GCC_WARN_ABOUT_RETURN_TYPE = YES;
				GCC_WARN_UNUSED_VARIABLE = YES;
				HEADER_SEARCH_PATHS = (
					"$(SRCROOT)/../cocos2d",
					"$(SRCROOT)/../cocos2d/cocos",
					"$(SRCROOT)/../cocos2d/cocos/base",
					"$(SRCROOT)/../cocos2d/cocos/physics",
					"$(SRCROOT)/../cocos2d/cocos/math/kazmath",
					"$(SRCROOT)/../cocos2d/cocos/2d",
					"$(SRCROOT)/../cocos2d/cocos/ui",
					"$(SRCROOT)/../cocos2d/cocos/network",
					"$(SRCROOT)/../cocos2d/cocos/audio/include",
					"$(SRCROOT)/../cocos2d/cocos/editor-support",
					"$(SRCROOT)/../cocos2d/extensions",
					"$(SRCROOT)/../cocos2d/external",
					"$(SRCROOT)/../cocos2d/external/chipmunk/include/chipmunk",
				);
				ONLY_ACTIVE_ARCH = YES;
				PRODUCT_NAME = "$(TARGET_NAME)";
				SDKROOT = macosx;
			};
			name = Debug;
		};
		C01FCF5008A954540054247B /* Release */ = {
			isa = XCBuildConfiguration;
			buildSettings = {
				CLANG_CXX_LANGUAGE_STANDARD = "c++0x";
				CLANG_CXX_LIBRARY = "libc++";
				GCC_WARN_ABOUT_RETURN_TYPE = YES;
				GCC_WARN_UNUSED_VARIABLE = YES;
				HEADER_SEARCH_PATHS = (
					"$(SRCROOT)/../cocos2d",
					"$(SRCROOT)/../cocos2d/cocos",
					"$(SRCROOT)/../cocos2d/cocos/base",
					"$(SRCROOT)/../cocos2d/cocos/physics",
					"$(SRCROOT)/../cocos2d/cocos/math/kazmath",
					"$(SRCROOT)/../cocos2d/cocos/2d",
					"$(SRCROOT)/../cocos2d/cocos/ui",
					"$(SRCROOT)/../cocos2d/cocos/network",
					"$(SRCROOT)/../cocos2d/cocos/audio/include",
					"$(SRCROOT)/../cocos2d/cocos/editor-support",
					"$(SRCROOT)/../cocos2d/extensions",
					"$(SRCROOT)/../cocos2d/external",
					"$(SRCROOT)/../cocos2d/external/chipmunk/include/chipmunk",
				);
				OTHER_CFLAGS = "-DNS_BLOCK_ASSERTIONS=1";
				PRODUCT_NAME = "$(TARGET_NAME)";
				SDKROOT = macosx;
				VALIDATE_PRODUCT = YES;
			};
			name = Release;
		};
/* End XCBuildConfiguration section */

/* Begin XCConfigurationList section */
		1D6058960D05DD3E006BFB54 /* Build configuration list for PBXNativeTarget "RockChipmunk2D iOS" */ = {
			isa = XCConfigurationList;
			buildConfigurations = (
				1D6058940D05DD3E006BFB54 /* Debug */,
				1D6058950D05DD3E006BFB54 /* Release */,
			);
			defaultConfigurationIsVisible = 0;
			defaultConfigurationName = Debug;
		};
		5087E76C17EB910900C73F5D /* Build configuration list for PBXNativeTarget "RockChipmunk2D Mac" */ = {
			isa = XCConfigurationList;
			buildConfigurations = (
				5087E76D17EB910900C73F5D /* Debug */,
				5087E76E17EB910900C73F5D /* Release */,
			);
			defaultConfigurationIsVisible = 0;
			defaultConfigurationName = Debug;
		};
		C01FCF4E08A954540054247B /* Build configuration list for PBXProject "RockChipmunk2D" */ = {
			isa = XCConfigurationList;
			buildConfigurations = (
				C01FCF4F08A954540054247B /* Debug */,
				C01FCF5008A954540054247B /* Release */,
			);
			defaultConfigurationIsVisible = 0;
			defaultConfigurationName = Debug;
		};
/* End XCConfigurationList section */
	};
	rootObject = 29B97313FDCFA39411CA2CEA /* Project object */;
}
